lockfileVersion: 5.3

specifiers:
  '@rollup/plugin-dsv': ^2.0.2
  '@sveltejs/adapter-static': ^1.0.0-next.22
  '@sveltejs/kit': ^1.0.0-next.202
  archieml: ^0.5.0
  autoprefixer: ^10.4.0
  d3: ^7.2.1
  feather-icons: ^4.28.0
  lodash.debounce: ^4.0.8
  node-fetch: ^3.1.0
  postcss: ^8.4.5
  prettier: ^2.5.1
  prettier-plugin-svelte: ^2.5.1
  rollup-plugin-svg: ^2.0.0
  style-dictionary: ^3.0.3
  svelte: ^3.44.3
  svelte-preprocess: ^4.10.0
  vite-plugin-svgstring: ^1.0.0

devDependencies:
  '@rollup/plugin-dsv': 2.0.2
  '@sveltejs/adapter-static': 1.0.0-next.22
  '@sveltejs/kit': 1.0.0-next.202_svelte@3.44.3
  archieml: 0.5.0
  autoprefixer: 10.4.0_postcss@8.4.5
  d3: 7.2.1
  feather-icons: 4.28.0
  lodash.debounce: 4.0.8
  node-fetch: 3.1.0
  postcss: 8.4.5
  prettier: 2.5.1
  prettier-plugin-svelte: 2.5.1_prettier@2.5.1+svelte@3.44.3
  rollup-plugin-svg: 2.0.0
  style-dictionary: 3.0.3
  svelte: 3.44.3
  svelte-preprocess: 4.10.0_postcss@8.4.5+svelte@3.44.3
  vite-plugin-svgstring: 1.0.0

packages:

  /@rollup/plugin-dsv/2.0.2:
    resolution: {integrity: sha512-QBf2ijAXiIVZNTuiTZ9xrqrye3AQv5UjDmgy3D04mLXrJSvqtzd61ILtJ+KFnk6YxTlfg3Mm8JyrWn8gZje7Zg==}
    dependencies:
      '@rollup/pluginutils': 3.1.0
      '@types/d3-dsv': 1.2.1
      d3-dsv: 1.2.0
      tosource: 1.0.0
    transitivePeerDependencies:
      - rollup
    dev: true

  /@rollup/pluginutils/3.1.0:
    resolution: {integrity: sha512-GksZ6pr6TpIjHm8h9lSQ8pi8BE9VeubNT0OMJ3B5uZJ8pz73NPiqOtCog/x2/QzM1ENChPKxMDhiQuRHsqc+lg==}
    engines: {node: '>= 8.0.0'}
    peerDependencies:
      rollup: ^1.20.0||^2.0.0
    dependencies:
      '@types/estree': 0.0.39
      estree-walker: 1.0.1
      picomatch: 2.3.0
    dev: true

  /@rollup/pluginutils/4.1.1:
    resolution: {integrity: sha512-clDjivHqWGXi7u+0d2r2sBi4Ie6VLEAzWMIkvJLnDmxoOhBYOTfzGbOQBA32THHm11/LiJbd01tJUpJsbshSWQ==}
    engines: {node: '>= 8.0.0'}
    dependencies:
      estree-walker: 2.0.2
      picomatch: 2.3.0
    dev: true

  /@sveltejs/adapter-static/1.0.0-next.22:
    resolution: {integrity: sha512-Dc1V9Z72dA7caVwNxxzl9Jhcq4uN9N1udA2GKNTLMu3aWX3Cq+v6C2CddY9Aazr+F9h6J0vi9AienuH+ySRXzQ==}
    dev: true

  /@sveltejs/kit/1.0.0-next.202_svelte@3.44.3:
    resolution: {integrity: sha512-rXmJ0FplkWvD1CaeCfejRYhOJYrlmeUm5Fkw7gIKDdWPQev5rqOhd9B9ZvRpq35oMqCAwaOfK+e5S6k+83feEQ==}
    engines: {node: '>=14.13'}
    hasBin: true
    peerDependencies:
      svelte: ^3.44.0
    dependencies:
      '@sveltejs/vite-plugin-svelte': 1.0.0-next.31_svelte@3.44.3+vite@2.7.2
      cheap-watch: 1.0.4
      sade: 1.7.4
      svelte: 3.44.3
      vite: 2.7.2
    transitivePeerDependencies:
      - diff-match-patch
      - less
      - sass
      - stylus
      - supports-color
    dev: true

  /@sveltejs/vite-plugin-svelte/1.0.0-next.31_svelte@3.44.3+vite@2.7.2:
    resolution: {integrity: sha512-8K3DcGP1V+XBv389u32S6wt8xiun6hHd5wn28AKLSoNTIhOmJOA2RJUJzp0seTRI86Shme4lzHI2Fgq4qz1wXQ==}
    engines: {node: ^14.13.1 || >= 16}
    peerDependencies:
      diff-match-patch: ^1.0.5
      svelte: ^3.44.0
      vite: ^2.6.0
    peerDependenciesMeta:
      diff-match-patch:
        optional: true
    dependencies:
      '@rollup/pluginutils': 4.1.1
      debug: 4.3.3
      kleur: 4.1.4
      magic-string: 0.25.7
      require-relative: 0.8.7
      svelte: 3.44.3
      svelte-hmr: 0.14.7_svelte@3.44.3
      vite: 2.7.2
    transitivePeerDependencies:
      - supports-color
    dev: true

  /@types/d3-dsv/1.2.1:
    resolution: {integrity: sha512-LLmJmjiqp/fTNEdij5bIwUJ6P6TVNk5hKM9/uk5RPO2YNgEu9XvKO0dJ7Iqd3psEdmZN1m7gB1bOsjr4HmO2BA==}
    dev: true

  /@types/estree/0.0.39:
    resolution: {integrity: sha512-EYNwp3bU+98cpU4lAWYYL7Zz+2gryWH1qbdDTidVd6hkiR6weksdbMadyXKXNPEkQFhXM+hVO9ZygomHXp+AIw==}
    dev: true

  /@types/node/16.11.12:
    resolution: {integrity: sha512-+2Iggwg7PxoO5Kyhvsq9VarmPbIelXP070HMImEpbtGCoyWNINQj4wzjbQCXzdHTRXnqufutJb5KAURZANNBAw==}
    dev: true

  /@types/pug/2.0.5:
    resolution: {integrity: sha512-LOnASQoeNZMkzexRuyqcBBDZ6rS+rQxUMkmj5A0PkhhiSZivLIuz6Hxyr1mkGoEZEkk66faROmpMi4fFkrKsBA==}
    dev: true

  /@types/sass/1.43.1:
    resolution: {integrity: sha512-BPdoIt1lfJ6B7rw35ncdwBZrAssjcwzI5LByIrYs+tpXlj/CAkuVdRsgZDdP4lq5EjyWzwxZCqAoFyHKFwp32g==}
    dependencies:
      '@types/node': 16.11.12
    dev: true

  /ansi-styles/4.3.0:
    resolution: {integrity: sha512-zbB9rCJAT1rbjiVDb2hqKFHNYLxgtk8NURxZ3IZwD3F6NtxbXZQCnnSi1Lkx+IDohdPlFp222wVALIheZJQSEg==}
    engines: {node: '>=8'}
    dependencies:
      color-convert: 2.0.1
    dev: true

  /archieml/0.5.0:
    resolution: {integrity: sha512-HhL+z+8toD2M9b+TijMR/3fmbs6dhWcATBstpQFTCqU4iyqDENznwZ4JRN0w3EkBbUL34jOv3PJK5/45VF9hJA==}
    dev: true

  /autoprefixer/10.4.0_postcss@8.4.5:
    resolution: {integrity: sha512-7FdJ1ONtwzV1G43GDD0kpVMn/qbiNqyOPMFTX5nRffI+7vgWoFEc6DcXOxHJxrWNDXrZh18eDsZjvZGUljSRGA==}
    engines: {node: ^10 || ^12 || >=14}
    hasBin: true
    peerDependencies:
      postcss: ^8.1.0
    dependencies:
      browserslist: 4.18.1
      caniuse-lite: 1.0.30001286
      fraction.js: 4.1.2
      normalize-range: 0.1.2
      picocolors: 1.0.0
      postcss: 8.4.5
      postcss-value-parser: 4.2.0
    dev: true

  /balanced-match/1.0.2:
    resolution: {integrity: sha512-3oSeUO0TMV67hN1AmbXsK4yaqU7tjiHlbxRDZOpH0KW9+CeX4bRAaX0Anxt0tx2MrpRpWwQaPwIlISEJhYU5Pw==}
    dev: true

  /brace-expansion/1.1.11:
    resolution: {integrity: sha512-iCuPHDFgrHX7H2vEI/5xpz07zSHB00TpugqhmYtVmMO6518mCuRMoOYFldEBl0g187ufozdaHgWKcYFb61qGiA==}
    dependencies:
      balanced-match: 1.0.2
      concat-map: 0.0.1
    dev: true

  /browserslist/4.18.1:
    resolution: {integrity: sha512-8ScCzdpPwR2wQh8IT82CA2VgDwjHyqMovPBZSNH54+tm4Jk2pCuv90gmAdH6J84OCRWi0b4gMe6O6XPXuJnjgQ==}
    engines: {node: ^6 || ^7 || ^8 || ^9 || ^10 || ^11 || ^12 || >=13.7}
    hasBin: true
    dependencies:
      caniuse-lite: 1.0.30001286
      electron-to-chromium: 1.4.14
      escalade: 3.1.1
      node-releases: 2.0.1
      picocolors: 1.0.0
    dev: true

  /buffer-crc32/0.2.13:
    resolution: {integrity: sha1-DTM+PwDqxQqhRUq9MO+MKl2ackI=}
    dev: true

  /camel-case/4.1.2:
    resolution: {integrity: sha512-gxGWBrTT1JuMx6R+o5PTXMmUnhnVzLQ9SNutD4YqKtI6ap897t3tKECYla6gCWEkplXnlNybEkZg9GEGxKFCgw==}
    dependencies:
      pascal-case: 3.1.2
      tslib: 2.3.1
    dev: true

  /caniuse-lite/1.0.30001286:
    resolution: {integrity: sha512-zaEMRH6xg8ESMi2eQ3R4eZ5qw/hJiVsO/HlLwniIwErij0JDr9P+8V4dtx1l+kLq6j3yy8l8W4fst1lBnat5wQ==}
    dev: true

  /capital-case/1.0.4:
    resolution: {integrity: sha512-ds37W8CytHgwnhGGTi88pcPyR15qoNkOpYwmMMfnWqqWgESapLqvDx6huFjQ5vqWSn2Z06173XNA7LtMOeUh1A==}
    dependencies:
      no-case: 3.0.4
      tslib: 2.3.1
      upper-case-first: 2.0.2
    dev: true

  /chalk/4.1.2:
    resolution: {integrity: sha512-oKnbhFyRIXpUuez8iBMmyEa4nbj4IOQyuhc/wy9kY7/WVPcwIO9VA668Pu8RkO7+0G76SLROeyw9CpQ061i4mA==}
    engines: {node: '>=10'}
    dependencies:
      ansi-styles: 4.3.0
      supports-color: 7.2.0
    dev: true

  /change-case/4.1.2:
    resolution: {integrity: sha512-bSxY2ws9OtviILG1EiY5K7NNxkqg/JnRnFxLtKQ96JaviiIxi7djMrSd0ECT9AC+lttClmYwKw53BWpOMblo7A==}
    dependencies:
      camel-case: 4.1.2
      capital-case: 1.0.4
      constant-case: 3.0.4
      dot-case: 3.0.4
      header-case: 2.0.4
      no-case: 3.0.4
      param-case: 3.0.4
      pascal-case: 3.1.2
      path-case: 3.0.4
      sentence-case: 3.0.4
      snake-case: 3.0.4
      tslib: 2.3.1
    dev: true

  /cheap-watch/1.0.4:
    resolution: {integrity: sha512-QR/9FrtRL5fjfUJBhAKCdi0lSRQ3rVRRum3GF9wDKp2TJbEIMGhUEr2yU8lORzm9Isdjx7/k9S0DFDx+z5VGtw==}
    engines: {node: '>=8'}
    dev: true

  /classnames/2.3.1:
    resolution: {integrity: sha512-OlQdbZ7gLfGarSqxesMesDa5uz7KFbID8Kpq/SxIoNGDqY8lSYs0D+hhtBXhcdB3rcbXArFr7vlHheLk1voeNA==}
    dev: true

  /color-convert/2.0.1:
    resolution: {integrity: sha512-RRECPsj7iu/xb5oKYcsFHSppFNnsj/52OVTRKb4zP5onXwVF3zVmmToNcOfGC+CRDpfK/U584fMg38ZHCaElKQ==}
    engines: {node: '>=7.0.0'}
    dependencies:
      color-name: 1.1.4
    dev: true

  /color-name/1.1.4:
    resolution: {integrity: sha512-dOy+3AuW3a2wNbZHIuMZpTcgjGuLU/uBL/ubcZF9OXbDo8ff4O8yVp5Bf0efS8uEoYo5q4Fx7dY9OgQGXgAsQA==}
    dev: true

  /commander/2.20.3:
    resolution: {integrity: sha512-GpVkmM8vF2vQUkj2LvZmD35JxeJOLCwJ9cUkugyk2nuhbv3+mJvpLYYt+0+USMxE+oj+ey/lJEnhZw75x/OMcQ==}
    dev: true

  /commander/5.1.0:
    resolution: {integrity: sha512-P0CysNDQ7rtVw4QIQtm+MRxV66vKFSvlsQvGYXZWR3qFU0jlMKHZZZgw8e+8DSah4UDKMqnknRDQz+xuQXQ/Zg==}
    engines: {node: '>= 6'}
    dev: true

  /commander/7.2.0:
    resolution: {integrity: sha512-QrWXB+ZQSVPmIWIhtEO9H+gwHaMGYiF5ChvoJ+K9ZGHG/sVsa6yiesAD1GC/x46sET00Xlwo1u49RVVVzvcSkw==}
    engines: {node: '>= 10'}
    dev: true

  /concat-map/0.0.1:
    resolution: {integrity: sha1-2Klr13/Wjfd5OnMDajug1UBdR3s=}
    dev: true

  /constant-case/3.0.4:
    resolution: {integrity: sha512-I2hSBi7Vvs7BEuJDr5dDHfzb/Ruj3FyvFyh7KLilAjNQw3Be+xgqUBA2W6scVEcL0hL1dwPRtIqEPVUCKkSsyQ==}
    dependencies:
      no-case: 3.0.4
      tslib: 2.3.1
      upper-case: 2.0.2
    dev: true

  /core-js/3.19.3:
    resolution: {integrity: sha512-LeLBMgEGSsG7giquSzvgBrTS7V5UL6ks3eQlUSbN8dJStlLFiRzUm5iqsRyzUB8carhfKjkJ2vzKqE6z1Vga9g==}
    requiresBuild: true
    dev: true

  /d3-array/3.1.1:
    resolution: {integrity: sha512-33qQ+ZoZlli19IFiQx4QEpf2CBEayMRzhlisJHSCsSUbDXv6ZishqS1x7uFVClKG4Wr7rZVHvaAttoLow6GqdQ==}
    engines: {node: '>=12'}
    dependencies:
      internmap: 2.0.3
    dev: true

  /d3-axis/3.0.0:
    resolution: {integrity: sha512-IH5tgjV4jE/GhHkRV0HiVYPDtvfjHQlQfJHs0usq7M30XcSBvOotpmH1IgkcXsO/5gEQZD43B//fc7SRT5S+xw==}
    engines: {node: '>=12'}
    dev: true

  /d3-brush/3.0.0:
    resolution: {integrity: sha512-ALnjWlVYkXsVIGlOsuWH1+3udkYFI48Ljihfnh8FZPF2QS9o+PzGLBslO0PjzVoHLZ2KCVgAM8NVkXPJB2aNnQ==}
    engines: {node: '>=12'}
    dependencies:
      d3-dispatch: 3.0.1
      d3-drag: 3.0.0
      d3-interpolate: 3.0.1
      d3-selection: 3.0.0
      d3-transition: 3.0.1_d3-selection@3.0.0
    dev: true

  /d3-chord/3.0.1:
    resolution: {integrity: sha512-VE5S6TNa+j8msksl7HwjxMHDM2yNK3XCkusIlpX5kwauBfXuyLAtNg9jCp/iHH61tgI4sb6R/EIMWCqEIdjT/g==}
    engines: {node: '>=12'}
    dependencies:
      d3-path: 3.0.1
    dev: true

  /d3-color/3.0.1:
    resolution: {integrity: sha512-6/SlHkDOBLyQSJ1j1Ghs82OIUXpKWlR0hCsw0XrLSQhuUPuCSmLQ1QPH98vpnQxMUQM2/gfAkUEWsupVpd9JGw==}
    engines: {node: '>=12'}
    dev: true

  /d3-contour/3.0.1:
    resolution: {integrity: sha512-0Oc4D0KyhwhM7ZL0RMnfGycLN7hxHB8CMmwZ3+H26PWAG0ozNuYG5hXSDNgmP1SgJkQMrlG6cP20HoaSbvcJTQ==}
    engines: {node: '>=12'}
    dependencies:
      d3-array: 3.1.1
    dev: true

  /d3-delaunay/6.0.2:
    resolution: {integrity: sha512-IMLNldruDQScrcfT+MWnazhHbDJhcRJyOEBAJfwQnHle1RPh6WDuLvxNArUju2VSMSUuKlY5BGHRJ2cYyoFLQQ==}
    engines: {node: '>=12'}
    dependencies:
      delaunator: 5.0.0
    dev: true

  /d3-dispatch/3.0.1:
    resolution: {integrity: sha512-rzUyPU/S7rwUflMyLc1ETDeBj0NRuHKKAcvukozwhshr6g6c5d8zh4c2gQjY2bZ0dXeGLWc1PF174P2tVvKhfg==}
    engines: {node: '>=12'}
    dev: true

  /d3-drag/3.0.0:
    resolution: {integrity: sha512-pWbUJLdETVA8lQNJecMxoXfH6x+mO2UQo8rSmZ+QqxcbyA3hfeprFgIT//HW2nlHChWeIIMwS2Fq+gEARkhTkg==}
    engines: {node: '>=12'}
    dependencies:
      d3-dispatch: 3.0.1
      d3-selection: 3.0.0
    dev: true

  /d3-dsv/1.2.0:
    resolution: {integrity: sha512-9yVlqvZcSOMhCYzniHE7EVUws7Fa1zgw+/EAV2BxJoG3ME19V6BQFBwI855XQDsxyOuG7NibqRMTtiF/Qup46g==}
    hasBin: true
    dependencies:
      commander: 2.20.3
      iconv-lite: 0.4.24
      rw: 1.3.3
    dev: true

  /d3-dsv/3.0.1:
    resolution: {integrity: sha512-UG6OvdI5afDIFP9w4G0mNq50dSOsXHJaRE8arAS5o9ApWnIElp8GZw1Dun8vP8OyHOZ/QJUKUJwxiiCCnUwm+Q==}
    engines: {node: '>=12'}
    hasBin: true
    dependencies:
      commander: 7.2.0
      iconv-lite: 0.6.3
      rw: 1.3.3
    dev: true

  /d3-ease/3.0.1:
    resolution: {integrity: sha512-wR/XK3D3XcLIZwpbvQwQ5fK+8Ykds1ip7A2Txe0yxncXSdq1L9skcG7blcedkOX+ZcgxGAmLX1FrRGbADwzi0w==}
    engines: {node: '>=12'}
    dev: true

  /d3-fetch/3.0.1:
    resolution: {integrity: sha512-kpkQIM20n3oLVBKGg6oHrUchHM3xODkTzjMoj7aWQFq5QEM+R6E4WkzT5+tojDY7yjez8KgCBRoj4aEr99Fdqw==}
    engines: {node: '>=12'}
    dependencies:
      d3-dsv: 3.0.1
    dev: true

  /d3-force/3.0.0:
    resolution: {integrity: sha512-zxV/SsA+U4yte8051P4ECydjD/S+qeYtnaIyAs9tgHCqfguma/aAQDjo85A9Z6EKhBirHRJHXIgJUlffT4wdLg==}
    engines: {node: '>=12'}
    dependencies:
      d3-dispatch: 3.0.1
      d3-quadtree: 3.0.1
      d3-timer: 3.0.1
    dev: true

  /d3-format/3.1.0:
    resolution: {integrity: sha512-YyUI6AEuY/Wpt8KWLgZHsIU86atmikuoOmCfommt0LYHiQSPjvX2AcFc38PX0CBpr2RCyZhjex+NS/LPOv6YqA==}
    engines: {node: '>=12'}
    dev: true

  /d3-geo/3.0.1:
    resolution: {integrity: sha512-Wt23xBych5tSy9IYAM1FR2rWIBFWa52B/oF/GYe5zbdHrg08FU8+BuI6X4PvTwPDdqdAdq04fuWJpELtsaEjeA==}
    engines: {node: '>=12'}
    dependencies:
      d3-array: 3.1.1
    dev: true

  /d3-hierarchy/3.1.0:
    resolution: {integrity: sha512-RZWnhsvcrf81F+khYxu2IOfoSwfCGla9je0JQaRIEuPOgJd+3cKdvAYyMXvTt0MDbluiHThYBQzIb0xxXfnqmA==}
    engines: {node: '>=12'}
    dev: true

  /d3-interpolate/3.0.1:
    resolution: {integrity: sha512-3bYs1rOD33uo8aqJfKP3JWPAibgw8Zm2+L9vBKEHJ2Rg+viTR7o5Mmv5mZcieN+FRYaAOWX5SJATX6k1PWz72g==}
    engines: {node: '>=12'}
    dependencies:
      d3-color: 3.0.1
    dev: true

  /d3-path/3.0.1:
    resolution: {integrity: sha512-gq6gZom9AFZby0YLduxT1qmrp4xpBA1YZr19OI717WIdKE2OM5ETq5qrHLb301IgxhLwcuxvGZVLeeWc/k1I6w==}
    engines: {node: '>=12'}
    dev: true

  /d3-polygon/3.0.1:
    resolution: {integrity: sha512-3vbA7vXYwfe1SYhED++fPUQlWSYTTGmFmQiany/gdbiWgU/iEyQzyymwL9SkJjFFuCS4902BSzewVGsHHmHtXg==}
    engines: {node: '>=12'}
    dev: true

  /d3-quadtree/3.0.1:
    resolution: {integrity: sha512-04xDrxQTDTCFwP5H6hRhsRcb9xxv2RzkcsygFzmkSIOJy3PeRJP7sNk3VRIbKXcog561P9oU0/rVH6vDROAgUw==}
    engines: {node: '>=12'}
    dev: true

  /d3-random/3.0.1:
    resolution: {integrity: sha512-FXMe9GfxTxqd5D6jFsQ+DJ8BJS4E/fT5mqqdjovykEB2oFbTMDVdg1MGFxfQW+FBOGoB++k8swBrgwSHT1cUXQ==}
    engines: {node: '>=12'}
    dev: true

  /d3-scale-chromatic/3.0.0:
    resolution: {integrity: sha512-Lx9thtxAKrO2Pq6OO2Ua474opeziKr279P/TKZsMAhYyNDD3EnCffdbgeSYN5O7m2ByQsxtuP2CSDczNUIZ22g==}
    engines: {node: '>=12'}
    dependencies:
      d3-color: 3.0.1
      d3-interpolate: 3.0.1
    dev: true

  /d3-scale/4.0.2:
    resolution: {integrity: sha512-GZW464g1SH7ag3Y7hXjf8RoUuAFIqklOAq3MRl4OaWabTFJY9PN/E1YklhXLh+OQ3fM9yS2nOkCoS+WLZ6kvxQ==}
    engines: {node: '>=12'}
    dependencies:
      d3-array: 3.1.1
      d3-format: 3.1.0
      d3-interpolate: 3.0.1
      d3-time: 3.0.0
      d3-time-format: 4.1.0
    dev: true

  /d3-selection/3.0.0:
    resolution: {integrity: sha512-fmTRWbNMmsmWq6xJV8D19U/gw/bwrHfNXxrIN+HfZgnzqTHp9jOmKMhsTUjXOJnZOdZY9Q28y4yebKzqDKlxlQ==}
    engines: {node: '>=12'}
    dev: true

  /d3-shape/3.0.1:
    resolution: {integrity: sha512-HNZNEQoDhuCrDWEc/BMbF/hKtzMZVoe64TvisFLDp2Iyj0UShB/E6/lBsLlJTfBMbYgftHj90cXJ0SEitlE6Xw==}
    engines: {node: '>=12'}
    dependencies:
      d3-path: 3.0.1
    dev: true

  /d3-time-format/4.1.0:
    resolution: {integrity: sha512-dJxPBlzC7NugB2PDLwo9Q8JiTR3M3e4/XANkreKSUxF8vvXKqm1Yfq4Q5dl8budlunRVlUUaDUgFt7eA8D6NLg==}
    engines: {node: '>=12'}
    dependencies:
      d3-time: 3.0.0
    dev: true

  /d3-time/3.0.0:
    resolution: {integrity: sha512-zmV3lRnlaLI08y9IMRXSDshQb5Nj77smnfpnd2LrBa/2K281Jijactokeak14QacHs/kKq0AQ121nidNYlarbQ==}
    engines: {node: '>=12'}
    dependencies:
      d3-array: 3.1.1
    dev: true

  /d3-timer/3.0.1:
    resolution: {integrity: sha512-ndfJ/JxxMd3nw31uyKoY2naivF+r29V+Lc0svZxe1JvvIRmi8hUsrMvdOwgS1o6uBHmiz91geQ0ylPP0aj1VUA==}
    engines: {node: '>=12'}
    dev: true

  /d3-transition/3.0.1_d3-selection@3.0.0:
    resolution: {integrity: sha512-ApKvfjsSR6tg06xrL434C0WydLr7JewBB3V+/39RMHsaXTOG0zmt/OAXeng5M5LBm0ojmxJrpomQVZ1aPvBL4w==}
    engines: {node: '>=12'}
    peerDependencies:
      d3-selection: 2 - 3
    dependencies:
      d3-color: 3.0.1
      d3-dispatch: 3.0.1
      d3-ease: 3.0.1
      d3-interpolate: 3.0.1
      d3-selection: 3.0.0
      d3-timer: 3.0.1
    dev: true

  /d3-zoom/3.0.0:
    resolution: {integrity: sha512-b8AmV3kfQaqWAuacbPuNbL6vahnOJflOhexLzMMNLga62+/nh0JzvJ0aO/5a5MVgUFGS7Hu1P9P03o3fJkDCyw==}
    engines: {node: '>=12'}
    dependencies:
      d3-dispatch: 3.0.1
      d3-drag: 3.0.0
      d3-interpolate: 3.0.1
      d3-selection: 3.0.0
      d3-transition: 3.0.1_d3-selection@3.0.0
    dev: true

  /d3/7.2.1:
    resolution: {integrity: sha512-E/5sP0aeK6YPXI/+4QlefvBFgmcyR2jYftId0PrYWv4Y/gW3c3thp1XG4rQzF0eUwV9tR1x05X5eWuJ6rQXvew==}
    engines: {node: '>=12'}
    dependencies:
      d3-array: 3.1.1
      d3-axis: 3.0.0
      d3-brush: 3.0.0
      d3-chord: 3.0.1
      d3-color: 3.0.1
      d3-contour: 3.0.1
      d3-delaunay: 6.0.2
      d3-dispatch: 3.0.1
      d3-drag: 3.0.0
      d3-dsv: 3.0.1
      d3-ease: 3.0.1
      d3-fetch: 3.0.1
      d3-force: 3.0.0
      d3-format: 3.1.0
      d3-geo: 3.0.1
      d3-hierarchy: 3.1.0
      d3-interpolate: 3.0.1
      d3-path: 3.0.1
      d3-polygon: 3.0.1
      d3-quadtree: 3.0.1
      d3-random: 3.0.1
      d3-scale: 4.0.2
      d3-scale-chromatic: 3.0.0
      d3-selection: 3.0.0
      d3-shape: 3.0.1
      d3-time: 3.0.0
      d3-time-format: 4.1.0
      d3-timer: 3.0.1
      d3-transition: 3.0.1_d3-selection@3.0.0
      d3-zoom: 3.0.0
    dev: true

  /data-uri-to-buffer/4.0.0:
    resolution: {integrity: sha512-Vr3mLBA8qWmcuschSLAOogKgQ/Jwxulv3RNE4FXnYWRGujzrRWQI4m12fQqRkwX06C0KanhLr4hK+GydchZsaA==}
    engines: {node: '>= 12'}
    dev: true

  /debug/4.3.3:
    resolution: {integrity: sha512-/zxw5+vh1Tfv+4Qn7a5nsbcJKPaSvCDhojn6FEl9vupwK2VCSDtEiEtqr8DFtzYFOdz63LBkxec7DYuc2jon6Q==}
    engines: {node: '>=6.0'}
    peerDependencies:
      supports-color: '*'
    peerDependenciesMeta:
      supports-color:
        optional: true
    dependencies:
      ms: 2.1.2
    dev: true

  /delaunator/5.0.0:
    resolution: {integrity: sha512-AyLvtyJdbv/U1GkiS6gUUzclRoAY4Gs75qkMygJJhU75LW4DNuSF2RMzpxs9jw9Oz1BobHjTdkG3zdP55VxAqw==}
    dependencies:
      robust-predicates: 3.0.1
    dev: true

  /detect-indent/6.1.0:
    resolution: {integrity: sha512-reYkTUJAZb9gUuZ2RvVCNhVHdg62RHnJ7WJl8ftMi4diZ6NWlciOzQN88pUhSELEwflJht4oQDv0F0BMlwaYtA==}
    engines: {node: '>=8'}
    dev: true

  /dot-case/3.0.4:
    resolution: {integrity: sha512-Kv5nKlh6yRrdrGvxeJ2e5y2eRUpkUosIW4A2AS38zwSz27zu7ufDwQPi5Jhs3XAlGNetl3bmnGhQsMtkKJnj3w==}
    dependencies:
      no-case: 3.0.4
      tslib: 2.3.1
    dev: true

  /electron-to-chromium/1.4.14:
    resolution: {integrity: sha512-RsGkAN9JEAYMObS72kzUsPPcPGMqX1rBqGuXi9aa4TBKLzICoLf+DAAtd0fVFzrniJqYzpby47gthCUoObfs0Q==}
    dev: true

  /es6-promise/3.3.1:
    resolution: {integrity: sha1-oIzd6EzNvzTQJ6FFG8kdS80ophM=}
    dev: true

  /esbuild-android-arm64/0.13.15:
    resolution: {integrity: sha512-m602nft/XXeO8YQPUDVoHfjyRVPdPgjyyXOxZ44MK/agewFFkPa8tUo6lAzSWh5Ui5PB4KR9UIFTSBKh/RrCmg==}
    cpu: [arm64]
    os: [android]
    requiresBuild: true
    dev: true
    optional: true

  /esbuild-darwin-64/0.13.15:
    resolution: {integrity: sha512-ihOQRGs2yyp7t5bArCwnvn2Atr6X4axqPpEdCFPVp7iUj4cVSdisgvEKdNR7yH3JDjW6aQDw40iQFoTqejqxvQ==}
    cpu: [x64]
    os: [darwin]
    requiresBuild: true
    dev: true
    optional: true

  /esbuild-darwin-arm64/0.13.15:
    resolution: {integrity: sha512-i1FZssTVxUqNlJ6cBTj5YQj4imWy3m49RZRnHhLpefFIh0To05ow9DTrXROTE1urGTQCloFUXTX8QfGJy1P8dQ==}
    cpu: [arm64]
    os: [darwin]
    requiresBuild: true
    dev: true
    optional: true

  /esbuild-freebsd-64/0.13.15:
    resolution: {integrity: sha512-G3dLBXUI6lC6Z09/x+WtXBXbOYQZ0E8TDBqvn7aMaOCzryJs8LyVXKY4CPnHFXZAbSwkCbqiPuSQ1+HhrNk7EA==}
    cpu: [x64]
    os: [freebsd]
    requiresBuild: true
    dev: true
    optional: true

  /esbuild-freebsd-arm64/0.13.15:
    resolution: {integrity: sha512-KJx0fzEDf1uhNOZQStV4ujg30WlnwqUASaGSFPhznLM/bbheu9HhqZ6mJJZM32lkyfGJikw0jg7v3S0oAvtvQQ==}
    cpu: [arm64]
    os: [freebsd]
    requiresBuild: true
    dev: true
    optional: true

  /esbuild-linux-32/0.13.15:
    resolution: {integrity: sha512-ZvTBPk0YWCLMCXiFmD5EUtB30zIPvC5Itxz0mdTu/xZBbbHJftQgLWY49wEPSn2T/TxahYCRDWun5smRa0Tu+g==}
    cpu: [ia32]
    os: [linux]
    requiresBuild: true
    dev: true
    optional: true

  /esbuild-linux-64/0.13.15:
    resolution: {integrity: sha512-eCKzkNSLywNeQTRBxJRQ0jxRCl2YWdMB3+PkWFo2BBQYC5mISLIVIjThNtn6HUNqua1pnvgP5xX0nHbZbPj5oA==}
    cpu: [x64]
    os: [linux]
    requiresBuild: true
    dev: true
    optional: true

  /esbuild-linux-arm/0.13.15:
    resolution: {integrity: sha512-wUHttDi/ol0tD8ZgUMDH8Ef7IbDX+/UsWJOXaAyTdkT7Yy9ZBqPg8bgB/Dn3CZ9SBpNieozrPRHm0BGww7W/jA==}
    cpu: [arm]
    os: [linux]
    requiresBuild: true
    dev: true
    optional: true

  /esbuild-linux-arm64/0.13.15:
    resolution: {integrity: sha512-bYpuUlN6qYU9slzr/ltyLTR9YTBS7qUDymO8SV7kjeNext61OdmqFAzuVZom+OLW1HPHseBfJ/JfdSlx8oTUoA==}
    cpu: [arm64]
    os: [linux]
    requiresBuild: true
    dev: true
    optional: true

  /esbuild-linux-mips64le/0.13.15:
    resolution: {integrity: sha512-KlVjIG828uFPyJkO/8gKwy9RbXhCEUeFsCGOJBepUlpa7G8/SeZgncUEz/tOOUJTcWMTmFMtdd3GElGyAtbSWg==}
    cpu: [mips64el]
    os: [linux]
    requiresBuild: true
    dev: true
    optional: true

  /esbuild-linux-ppc64le/0.13.15:
    resolution: {integrity: sha512-h6gYF+OsaqEuBjeesTBtUPw0bmiDu7eAeuc2OEH9S6mV9/jPhPdhOWzdeshb0BskRZxPhxPOjqZ+/OqLcxQwEQ==}
    cpu: [ppc64]
    os: [linux]
    requiresBuild: true
    dev: true
    optional: true

  /esbuild-netbsd-64/0.13.15:
    resolution: {integrity: sha512-3+yE9emwoevLMyvu+iR3rsa+Xwhie7ZEHMGDQ6dkqP/ndFzRHkobHUKTe+NCApSqG5ce2z4rFu+NX/UHnxlh3w==}
    cpu: [x64]
    os: [netbsd]
    requiresBuild: true
    dev: true
    optional: true

  /esbuild-openbsd-64/0.13.15:
    resolution: {integrity: sha512-wTfvtwYJYAFL1fSs8yHIdf5GEE4NkbtbXtjLWjM3Cw8mmQKqsg8kTiqJ9NJQe5NX/5Qlo7Xd9r1yKMMkHllp5g==}
    cpu: [x64]
    os: [openbsd]
    requiresBuild: true
    dev: true
    optional: true

  /esbuild-sunos-64/0.13.15:
    resolution: {integrity: sha512-lbivT9Bx3t1iWWrSnGyBP9ODriEvWDRiweAs69vI+miJoeKwHWOComSRukttbuzjZ8r1q0mQJ8Z7yUsDJ3hKdw==}
    cpu: [x64]
    os: [sunos]
    requiresBuild: true
    dev: true
    optional: true

  /esbuild-windows-32/0.13.15:
    resolution: {integrity: sha512-fDMEf2g3SsJ599MBr50cY5ve5lP1wyVwTe6aLJsM01KtxyKkB4UT+fc5MXQFn3RLrAIAZOG+tHC+yXObpSn7Nw==}
    cpu: [ia32]
    os: [win32]
    requiresBuild: true
    dev: true
    optional: true

  /esbuild-windows-64/0.13.15:
    resolution: {integrity: sha512-9aMsPRGDWCd3bGjUIKG/ZOJPKsiztlxl/Q3C1XDswO6eNX/Jtwu4M+jb6YDH9hRSUflQWX0XKAfWzgy5Wk54JQ==}
    cpu: [x64]
    os: [win32]
    requiresBuild: true
    dev: true
    optional: true

  /esbuild-windows-arm64/0.13.15:
    resolution: {integrity: sha512-zzvyCVVpbwQQATaf3IG8mu1IwGEiDxKkYUdA4FpoCHi1KtPa13jeScYDjlW0Qh+ebWzpKfR2ZwvqAQkSWNcKjA==}
    cpu: [arm64]
    os: [win32]
    requiresBuild: true
    dev: true
    optional: true

  /esbuild/0.13.15:
    resolution: {integrity: sha512-raCxt02HBKv8RJxE8vkTSCXGIyKHdEdGfUmiYb8wnabnaEmHzyW7DCHb5tEN0xU8ryqg5xw54mcwnYkC4x3AIw==}
    hasBin: true
    requiresBuild: true
    optionalDependencies:
      esbuild-android-arm64: 0.13.15
      esbuild-darwin-64: 0.13.15
      esbuild-darwin-arm64: 0.13.15
      esbuild-freebsd-64: 0.13.15
      esbuild-freebsd-arm64: 0.13.15
      esbuild-linux-32: 0.13.15
      esbuild-linux-64: 0.13.15
      esbuild-linux-arm: 0.13.15
      esbuild-linux-arm64: 0.13.15
      esbuild-linux-mips64le: 0.13.15
      esbuild-linux-ppc64le: 0.13.15
      esbuild-netbsd-64: 0.13.15
      esbuild-openbsd-64: 0.13.15
      esbuild-sunos-64: 0.13.15
      esbuild-windows-32: 0.13.15
      esbuild-windows-64: 0.13.15
      esbuild-windows-arm64: 0.13.15
    dev: true

  /escalade/3.1.1:
    resolution: {integrity: sha512-k0er2gUkLf8O0zKJiAhmkTnJlTvINGv7ygDNPbeIsX/TJjGJZHuh9B2UxbsaEkmlEo9MfhrSzmhIlhRlI2GXnw==}
    engines: {node: '>=6'}
    dev: true

  /estree-walker/0.2.1:
    resolution: {integrity: sha1-va/oCVOD2EFNXcLs9MkXO225QS4=}
    dev: true

  /estree-walker/1.0.1:
    resolution: {integrity: sha512-1fMXF3YP4pZZVozF8j/ZLfvnR8NSIljt56UhbZ5PeeDmmGHpgpdwQt7ITlGvYaQukCvuBRMLEiKiYC+oeIg4cg==}
    dev: true

  /estree-walker/2.0.2:
    resolution: {integrity: sha512-Rfkk/Mp/DL7JVje3u18FxFujQlTNR2q6QfMSMB7AvCBx91NGj/ba3kCfza0f6dVDbw7YlRf/nDrn7pQrCCyQ/w==}
    dev: true

  /feather-icons/4.28.0:
    resolution: {integrity: sha512-gRdqKESXRBUZn6Nl0VBq2wPHKRJgZz7yblrrc2lYsS6odkNFDnA4bqvrlEVRUPjE1tFax+0TdbJKZ31ziJuzjg==}
    dependencies:
      classnames: 2.3.1
      core-js: 3.19.3
    dev: true

  /fetch-blob/3.1.3:
    resolution: {integrity: sha512-ax1Y5I9w+9+JiM+wdHkhBoxew+zG4AJ2SvAD1v1szpddUIiPERVGBxrMcB2ZqW0Y3PP8bOWYv2zqQq1Jp2kqUQ==}
    engines: {node: ^12.20 || >= 14.13}
    dependencies:
      web-streams-polyfill: 3.2.0
    dev: true

  /formdata-polyfill/4.0.10:
    resolution: {integrity: sha512-buewHzMvYL29jdeQTVILecSaZKnt/RJWjoZCF5OW60Z67/GmSLBkOFM7qh1PI3zFNtJbaZL5eQu1vLfazOwj4g==}
    engines: {node: '>=12.20.0'}
    dependencies:
      fetch-blob: 3.1.3
    dev: true

  /fraction.js/4.1.2:
    resolution: {integrity: sha512-o2RiJQ6DZaR/5+Si0qJUIy637QMRudSi9kU/FFzx9EZazrIdnBgpU+3sEWCxAVhH2RtxW2Oz+T4p2o8uOPVcgA==}
    dev: true

  /fs-extra/8.1.0:
    resolution: {integrity: sha512-yhlQgA6mnOJUKOsRUFsgJdQCvkKhcz8tlZG5HBQfReYZy46OwLcY+Zia0mtdHsOo9y/hP+CxMN0TU9QxoOtG4g==}
    engines: {node: '>=6 <7 || >=8'}
    dependencies:
      graceful-fs: 4.2.8
      jsonfile: 4.0.0
      universalify: 0.1.2
    dev: true

  /fs.realpath/1.0.0:
    resolution: {integrity: sha1-FQStJSMVjKpA20onh8sBQRmU6k8=}
    dev: true

  /fsevents/2.3.2:
    resolution: {integrity: sha512-xiqMQR4xAeHTuB9uWm+fFRcIOgKBMiOBP+eXiyT7jsgVCq1bkVygt00oASowB7EdtpOHaaPgKt812P9ab+DDKA==}
    engines: {node: ^8.16.0 || ^10.6.0 || >=11.0.0}
    os: [darwin]
    requiresBuild: true
    dev: true
    optional: true

  /function-bind/1.1.1:
    resolution: {integrity: sha512-yIovAzMX49sF8Yl58fSCWJ5svSLuaibPxXQJFLmBObTuCr0Mf1KiPopGM9NiFjiYBCbfaa2Fh6breQ6ANVTI0A==}
    dev: true

  /glob/7.2.0:
    resolution: {integrity: sha512-lmLf6gtyrPq8tTjSmrO94wBeQbFR3HbLHbuyD69wuyQkImp2hWqMGB47OX65FBkPffO641IP9jWa1z4ivqG26Q==}
    dependencies:
      fs.realpath: 1.0.0
      inflight: 1.0.6
      inherits: 2.0.4
      minimatch: 3.0.4
      once: 1.4.0
      path-is-absolute: 1.0.1
    dev: true

  /graceful-fs/4.2.8:
    resolution: {integrity: sha512-qkIilPUYcNhJpd33n0GBXTB1MMPp14TxEsEs0pTrsSVucApsYzW5V+Q8Qxhik6KU3evy+qkAAowTByymK0avdg==}
    dev: true

  /has-flag/4.0.0:
    resolution: {integrity: sha512-EykJT/Q1KjTWctppgIAgfSO0tKVuZUjhgMr17kqTumMl6Afv3EISleU7qZUzoXDFTAHTDC4NOoG/ZxU3EvlMPQ==}
    engines: {node: '>=8'}
    dev: true

  /has/1.0.3:
    resolution: {integrity: sha512-f2dvO0VU6Oej7RkWJGrehjbzMAjFp5/VKPp5tTpWIV4JHHZK1/BxbFRtf/siA2SWTe09caDmVtYYzWEIbBS4zw==}
    engines: {node: '>= 0.4.0'}
    dependencies:
      function-bind: 1.1.1
    dev: true

  /header-case/2.0.4:
    resolution: {integrity: sha512-H/vuk5TEEVZwrR0lp2zed9OCo1uAILMlx0JEMgC26rzyJJ3N1v6XkwHHXJQdR2doSjcGPM6OKPYoJgf0plJ11Q==}
    dependencies:
      capital-case: 1.0.4
      tslib: 2.3.1
    dev: true

  /iconv-lite/0.4.24:
    resolution: {integrity: sha512-v3MXnZAcvnywkTUEZomIActle7RXXeedOR31wwl7VlyoXO4Qi9arvSenNQWne1TcRwhCL1HwLI21bEqdpj8/rA==}
    engines: {node: '>=0.10.0'}
    dependencies:
      safer-buffer: 2.1.2
    dev: true

  /iconv-lite/0.6.3:
    resolution: {integrity: sha512-4fCk79wshMdzMp2rH06qWrJE4iolqLhCUH+OiuIgU++RB0+94NlDL81atO7GX55uUKueo0txHNtvEyI6D7WdMw==}
    engines: {node: '>=0.10.0'}
    dependencies:
      safer-buffer: 2.1.2
    dev: true

  /inflight/1.0.6:
    resolution: {integrity: sha1-Sb1jMdfQLQwJvJEKEHW6gWW1bfk=}
    dependencies:
      once: 1.4.0
      wrappy: 1.0.2
    dev: true

  /inherits/2.0.4:
    resolution: {integrity: sha512-k/vGaX4/Yla3WzyMCvTQOXYeIHvqOKtnqBduzTHpzpQZzAskKMhZ2K+EnBiSM9zGSoIFeMpXKxa4dYeZIQqewQ==}
    dev: true

  /internmap/2.0.3:
    resolution: {integrity: sha512-5Hh7Y1wQbvY5ooGgPbDaL5iYLAPzMTUrjMulskHLH6wnv/A+1q5rgEaiuqEjB+oxGXIVZs1FF+R/KPN3ZSQYYg==}
    engines: {node: '>=12'}
    dev: true

  /is-core-module/2.8.0:
    resolution: {integrity: sha512-vd15qHsaqrRL7dtH6QNuy0ndJmRDrS9HAM1CAiSifNUFv4x1a0CCVsj18hJ1mShxIG6T2i1sO78MkP56r0nYRw==}
    dependencies:
      has: 1.0.3
    dev: true

  /json5/2.2.0:
    resolution: {integrity: sha512-f+8cldu7X/y7RAJurMEJmdoKXGB/X550w2Nr3tTbezL6RwEE/iMcm+tZnXeoZtKuOq6ft8+CqzEkrIgx1fPoQA==}
    engines: {node: '>=6'}
    hasBin: true
    dependencies:
      minimist: 1.2.5
    dev: true

  /jsonfile/4.0.0:
    resolution: {integrity: sha1-h3Gq4HmbZAdrdmQPygWPnBDjPss=}
    optionalDependencies:
      graceful-fs: 4.2.8
    dev: true

  /kleur/4.1.4:
    resolution: {integrity: sha512-8QADVssbrFjivHWQU7KkMgptGTl6WAcSdlbBPY4uNF+mWr6DGcKrvY2w4FQJoXch7+fKMjj0dRrL75vk3k23OA==}
    engines: {node: '>=6'}
    dev: true

  /lodash.debounce/4.0.8:
    resolution: {integrity: sha1-gteb/zCmfEAF/9XiUVMArZyk168=}
    dev: true

  /lodash/4.17.21:
    resolution: {integrity: sha512-v2kDEe57lecTulaDIuNTPy3Ry4gLGJ6Z1O3vE1krgXZNrsQ+LFTGHVxVjcXPs17LhbZVGedAJv8XZ1tvj5FvSg==}
    dev: true

  /lower-case/2.0.2:
    resolution: {integrity: sha512-7fm3l3NAF9WfN6W3JOmf5drwpVqX78JtoGJ3A6W0a6ZnldM41w2fV5D490psKFTpMds8TJse/eHLFFsNHHjHgg==}
    dependencies:
      tslib: 2.3.1
    dev: true

  /magic-string/0.25.7:
    resolution: {integrity: sha512-4CrMT5DOHTDk4HYDlzmwu4FVCcIYI8gauveasrdCu2IKIFOJ3f0v/8MDGJCDL9oD2ppz/Av1b0Nj345H9M+XIA==}
    dependencies:
      sourcemap-codec: 1.4.8
    dev: true

  /min-indent/1.0.1:
    resolution: {integrity: sha512-I9jwMn07Sy/IwOj3zVkVik2JTvgpaykDZEigL6Rx6N9LbMywwUSMtxET+7lVoDLLd3O3IXwJwvuuns8UB/HeAg==}
    engines: {node: '>=4'}
    dev: true

  /minimatch/3.0.4:
    resolution: {integrity: sha512-yJHVQEhyqPLUTgt9B83PXu6W3rx4MvvHvSUvToogpwoGDOUQ+yDrR0HRot+yOCdCO7u4hX3pWft6kWBBcqh0UA==}
    dependencies:
      brace-expansion: 1.1.11
    dev: true

  /minimist/1.2.5:
    resolution: {integrity: sha512-FM9nNUYrRBAELZQT3xeZQ7fmMOBg6nWNmJKTcgsJeaLstP/UODVpGsr5OhXhhXg6f+qtJ8uiZ+PUxkDWcgIXLw==}
    dev: true

  /mkdirp/0.5.5:
    resolution: {integrity: sha512-NKmAlESf6jMGym1++R0Ra7wvhV+wFW63FaSOFPwRahvea0gMUcGUhVeAg/0BC0wiv9ih5NYPB1Wn1UEI1/L+xQ==}
    hasBin: true
    dependencies:
      minimist: 1.2.5
    dev: true

  /mri/1.2.0:
    resolution: {integrity: sha512-tzzskb3bG8LvYGFF/mDTpq3jpI6Q9wc3LEmBaghu+DdCssd1FakN7Bc0hVNmEyGq1bq3RgfkCb3cmQLpNPOroA==}
    engines: {node: '>=4'}
    dev: true

  /ms/2.1.2:
    resolution: {integrity: sha512-sGkPx+VjMtmA6MX27oA4FBFELFCZZ4S4XqeGOXCv68tT+jb3vk/RyaKWP0PTKyWtmLSM0b+adUTEvbs1PEaH2w==}
    dev: true

  /nanoid/3.1.30:
    resolution: {integrity: sha512-zJpuPDwOv8D2zq2WRoMe1HsfZthVewpel9CAvTfc/2mBD1uUT/agc5f7GHGWXlYkFvi1mVxe4IjvP2HNrop7nQ==}
    engines: {node: ^10 || ^12 || ^13.7 || ^14 || >=15.0.1}
    hasBin: true
    dev: true

  /no-case/3.0.4:
    resolution: {integrity: sha512-fgAN3jGAh+RoxUGZHTSOLJIqUc2wmoBwGR4tbpNAKmmovFoWq0OdRkb0VkldReO2a2iBT/OEulG9XSUc10r3zg==}
    dependencies:
      lower-case: 2.0.2
      tslib: 2.3.1
    dev: true

  /node-fetch/3.1.0:
    resolution: {integrity: sha512-QU0WbIfMUjd5+MUzQOYhenAazakV7Irh1SGkWCsRzBwvm4fAhzEUaHMJ6QLP7gWT6WO9/oH2zhKMMGMuIrDyKw==}
    engines: {node: ^12.20.0 || ^14.13.1 || >=16.0.0}
    dependencies:
      data-uri-to-buffer: 4.0.0
      fetch-blob: 3.1.3
      formdata-polyfill: 4.0.10
    dev: true

  /node-releases/2.0.1:
    resolution: {integrity: sha512-CqyzN6z7Q6aMeF/ktcMVTzhAHCEpf8SOarwpzpf8pNBY2k5/oM34UHldUwp8VKI7uxct2HxSRdJjBaZeESzcxA==}
    dev: true

  /normalize-range/0.1.2:
    resolution: {integrity: sha1-LRDAa9/TEuqXd2laTShDlFa3WUI=}
    engines: {node: '>=0.10.0'}
    dev: true

  /once/1.4.0:
    resolution: {integrity: sha1-WDsap3WWHUsROsF9nFC6753Xa9E=}
    dependencies:
      wrappy: 1.0.2
    dev: true

  /param-case/3.0.4:
    resolution: {integrity: sha512-RXlj7zCYokReqWpOPH9oYivUzLYZ5vAPIfEmCTNViosC78F8F0H9y7T7gG2M39ymgutxF5gcFEsyZQSph9Bp3A==}
    dependencies:
      dot-case: 3.0.4
      tslib: 2.3.1
    dev: true

  /pascal-case/3.1.2:
    resolution: {integrity: sha512-uWlGT3YSnK9x3BQJaOdcZwrnV6hPpd8jFH1/ucpiLRPh/2zCVJKS19E4GvYHvaCcACn3foXZ0cLB9Wrx1KGe5g==}
    dependencies:
      no-case: 3.0.4
      tslib: 2.3.1
    dev: true

  /path-case/3.0.4:
    resolution: {integrity: sha512-qO4qCFjXqVTrcbPt/hQfhTQ+VhFsqNKOPtytgNKkKxSoEp3XPUQ8ObFuePylOIok5gjn69ry8XiULxCwot3Wfg==}
    dependencies:
      dot-case: 3.0.4
      tslib: 2.3.1
    dev: true

  /path-is-absolute/1.0.1:
    resolution: {integrity: sha1-F0uSaHNVNP+8es5r9TpanhtcX18=}
    engines: {node: '>=0.10.0'}
    dev: true

  /path-parse/1.0.7:
    resolution: {integrity: sha512-LDJzPVEEEPR+y48z93A0Ed0yXb8pAByGWo/k5YYdYgpY2/2EsOsksJrq7lOHxryrVOn1ejG6oAp8ahvOIQD8sw==}
    dev: true

  /picocolors/1.0.0:
    resolution: {integrity: sha512-1fygroTLlHu66zi26VoTDv8yRgm0Fccecssto+MhsZ0D/DGW2sm8E8AjW7NU5VVTRt5GxbeZ5qBuJr+HyLYkjQ==}
    dev: true

  /picomatch/2.3.0:
    resolution: {integrity: sha512-lY1Q/PiJGC2zOv/z391WOTD+Z02bCgsFfvxoXXf6h7kv9o+WmsmzYqrAwY63sNgOxE4xEdq0WyUnXfKeBrSvYw==}
    engines: {node: '>=8.6'}
    dev: true

  /postcss-value-parser/4.2.0:
    resolution: {integrity: sha512-1NNCs6uurfkVbeXG4S8JFT9t19m45ICnif8zWLd5oPSZ50QnwMfK+H3jv408d4jw/7Bttv5axS5IiHoLaVNHeQ==}
    dev: true

  /postcss/8.4.5:
    resolution: {integrity: sha512-jBDboWM8qpaqwkMwItqTQTiFikhs/67OYVvblFFTM7MrZjt6yMKd6r2kgXizEbTTljacm4NldIlZnhbjr84QYg==}
    engines: {node: ^10 || ^12 || >=14}
    dependencies:
      nanoid: 3.1.30
      picocolors: 1.0.0
      source-map-js: 1.0.1
    dev: true

  /prettier-plugin-svelte/2.5.1_prettier@2.5.1+svelte@3.44.3:
    resolution: {integrity: sha512-IhZUcqr7Bg4LY15d87t9lDr7EyC0IPehkzH5ya5igG8zYwf3UYaYDFnVW2mckREaZyLREcH9YOouesmt4f5Ozg==}
    peerDependencies:
      prettier: ^1.16.4 || ^2.0.0
      svelte: ^3.2.0
    dependencies:
      prettier: 2.5.1
      svelte: 3.44.3
    dev: true

  /prettier/2.5.1:
    resolution: {integrity: sha512-vBZcPRUR5MZJwoyi3ZoyQlc1rXeEck8KgeC9AwwOn+exuxLxq5toTRDTSaVrXHxelDMHy9zlicw8u66yxoSUFg==}
    engines: {node: '>=10.13.0'}
    hasBin: true
    dev: true

  /require-relative/0.8.7:
    resolution: {integrity: sha1-eZlTn8ngR6N5KPoZb44VY9q9Nt4=}
    dev: true

  /resolve/1.20.0:
    resolution: {integrity: sha512-wENBPt4ySzg4ybFQW2TT1zMQucPK95HSh/nq2CFTZVOGut2+pQvSsgtda4d26YrYcr067wjbmzOG8byDPBX63A==}
    dependencies:
      is-core-module: 2.8.0
      path-parse: 1.0.7
    dev: true

  /rimraf/2.7.1:
    resolution: {integrity: sha512-uWjbaKIK3T1OSVptzX7Nl6PvQ3qAGtKEtVRjRuazjfL3Bx5eI409VZSqgND+4UNnmzLVdPj9FqFJNPqBZFve4w==}
    hasBin: true
    dependencies:
      glob: 7.2.0
    dev: true

  /robust-predicates/3.0.1:
    resolution: {integrity: sha512-ndEIpszUHiG4HtDsQLeIuMvRsDnn8c8rYStabochtUeCvfuvNptb5TUbVD68LRAILPX7p9nqQGh4xJgn3EHS/g==}
    dev: true

  /rollup-plugin-svg/2.0.0:
    resolution: {integrity: sha512-DmE7dSQHo1SC5L2uH2qul3Mjyd5oV6U1aVVkyvTLX/mUsRink7f1b1zaIm+32GEBA6EHu8H/JJi3DdWqM53ySQ==}
    dependencies:
      rollup-pluginutils: 1.5.2
    dev: true

  /rollup-pluginutils/1.5.2:
    resolution: {integrity: sha1-HhVud4+UtyVb+hs9AXi+j1xVJAg=}
    dependencies:
      estree-walker: 0.2.1
      minimatch: 3.0.4
    dev: true

  /rollup/2.61.0:
    resolution: {integrity: sha512-teQ+T1mUYbyvGyUavCodiyA9hD4DxwYZJwr/qehZGhs1Z49vsmzelMVYMxGU4ZhGRKxYPupHuz5yzm/wj7VpWA==}
    engines: {node: '>=10.0.0'}
    hasBin: true
    optionalDependencies:
      fsevents: 2.3.2
    dev: true

  /rw/1.3.3:
    resolution: {integrity: sha1-P4Yt+pGrdmsUiF700BEkv9oHT7Q=}
    dev: true

  /sade/1.7.4:
    resolution: {integrity: sha512-y5yauMD93rX840MwUJr7C1ysLFBgMspsdTo4UVrDg3fXDvtwOyIqykhVAAm6fk/3au77773itJStObgK+LKaiA==}
    engines: {node: '>= 6'}
    dependencies:
      mri: 1.2.0
    dev: true

  /safer-buffer/2.1.2:
    resolution: {integrity: sha512-YZo3K82SD7Riyi0E1EQPojLz7kpepnSQI9IyPbHHg1XXXevb5dJI7tpyN2ADxGcQbHG7vcyRHk0cbwqcQriUtg==}
    dev: true

  /sander/0.5.1:
    resolution: {integrity: sha1-dB4kXiMfB8r7b98PEzrfohalAq0=}
    dependencies:
      es6-promise: 3.3.1
      graceful-fs: 4.2.8
      mkdirp: 0.5.5
      rimraf: 2.7.1
    dev: true

  /sentence-case/3.0.4:
    resolution: {integrity: sha512-8LS0JInaQMCRoQ7YUytAo/xUu5W2XnQxV2HI/6uM6U7CITS1RqPElr30V6uIqyMKM9lJGRVFy5/4CuzcixNYSg==}
    dependencies:
      no-case: 3.0.4
      tslib: 2.3.1
      upper-case-first: 2.0.2
    dev: true

  /snake-case/3.0.4:
    resolution: {integrity: sha512-LAOh4z89bGQvl9pFfNF8V146i7o7/CqFPbqzYgP+yYzDIDeS9HaNFtXABamRW+AQzEVODcvE79ljJ+8a9YSdMg==}
    dependencies:
      dot-case: 3.0.4
      tslib: 2.3.1
    dev: true

  /sorcery/0.10.0:
    resolution: {integrity: sha1-iukK19fLBfxZ8asMY3hF1cFaUrc=}
    hasBin: true
    dependencies:
      buffer-crc32: 0.2.13
      minimist: 1.2.5
      sander: 0.5.1
      sourcemap-codec: 1.4.8
    dev: true

  /source-map-js/1.0.1:
    resolution: {integrity: sha512-4+TN2b3tqOCd/kaGRJ/sTYA0tR0mdXx26ipdolxcwtJVqEnqNYvlCAt1q3ypy4QMlYus+Zh34RNtYLoq2oQ4IA==}
    engines: {node: '>=0.10.0'}
    dev: true

  /sourcemap-codec/1.4.8:
    resolution: {integrity: sha512-9NykojV5Uih4lgo5So5dtw+f0JgJX30KCNI8gwhz2J9A15wD0Ml6tjHKwf6fTSa6fAdVBdZeNOs9eJ71qCk8vA==}
    dev: true

  /strip-indent/3.0.0:
    resolution: {integrity: sha512-laJTa3Jb+VQpaC6DseHhF7dXVqHTfJPCRDaEbid/drOhgitgYku/letMUqOXFoWV0zIIUbjpdH2t+tYj4bQMRQ==}
    engines: {node: '>=8'}
    dependencies:
      min-indent: 1.0.1
    dev: true

  /style-dictionary/3.0.3:
    resolution: {integrity: sha512-4s8wK1o4M/o9AhwsMqOdu0swBJrvxXspcQ7efdKpER5OP7DnnGC5KeCPHlLdciNYDng+z7TWHUXlw1xs7rR50g==}
    engines: {node: '>=12.0.0'}
    hasBin: true
    dependencies:
      chalk: 4.1.2
      change-case: 4.1.2
      commander: 5.1.0
      fs-extra: 8.1.0
      glob: 7.2.0
      json5: 2.2.0
      lodash: 4.17.21
      tinycolor2: 1.4.2
    dev: true

  /supports-color/7.2.0:
    resolution: {integrity: sha512-qpCAvRl9stuOHveKsn7HncJRvv501qIacKzQlO/+Lwxc9+0q2wLyv4Dfvt80/DPn2pqOBsJdDiogXGR9+OvwRw==}
    engines: {node: '>=8'}
    dependencies:
      has-flag: 4.0.0
    dev: true

  /svelte-hmr/0.14.7_svelte@3.44.3:
    resolution: {integrity: sha512-pDrzgcWSoMaK6AJkBWkmgIsecW0GChxYZSZieIYfCP0v2oPyx2CYU/zm7TBIcjLVUPP714WxmViE9Thht4etog==}
    peerDependencies:
      svelte: '>=3.19.0'
    dependencies:
      svelte: 3.44.3
    dev: true

  /svelte-preprocess/4.10.0_postcss@8.4.5+svelte@3.44.3:
    resolution: {integrity: sha512-uZgGyC4SwkFoby2ceiMgGYs4qHYGz2fT06cAsHO8FHdDbvj1dKQyQ/fD9OB0KLymVv0fmzuJo/On7Kv7AeVhWA==}
    engines: {node: '>= 9.11.2'}
    requiresBuild: true
    peerDependencies:
      '@babel/core': ^7.10.2
      coffeescript: ^2.5.1
      less: ^3.11.3
      node-sass: '*'
      postcss: ^7 || ^8
      postcss-load-config: ^2.1.0 || ^3.0.0
      pug: ^3.0.0
      sass: ^1.26.8
      stylus: ^0.54.7
      sugarss: ^2.0.0
      svelte: ^3.23.0
      typescript: ^4.5.2
    peerDependenciesMeta:
      '@babel/core':
        optional: true
      coffeescript:
        optional: true
      less:
        optional: true
      node-sass:
        optional: true
      postcss:
        optional: true
      postcss-load-config:
        optional: true
      pug:
        optional: true
      sass:
        optional: true
      stylus:
        optional: true
      sugarss:
        optional: true
      typescript:
        optional: true
    dependencies:
      '@types/pug': 2.0.5
      '@types/sass': 1.43.1
      detect-indent: 6.1.0
      magic-string: 0.25.7
      postcss: 8.4.5
      sorcery: 0.10.0
      strip-indent: 3.0.0
      svelte: 3.44.3
    dev: true

  /svelte/3.44.3:
    resolution: {integrity: sha512-aGgrNCip5PQFNfq9e9tmm7EYxWLVHoFsEsmKrtOeRD8dmoGDdyTQ+21xd7qgFd8MNdKGSYvg7F9dr+Tc0yDymg==}
    engines: {node: '>= 8'}
    dev: true

  /tinycolor2/1.4.2:
    resolution: {integrity: sha512-vJhccZPs965sV/L2sU4oRQVAos0pQXwsvTLkWYdqJ+a8Q5kPFzJTuOFwy7UniPli44NKQGAglksjvOcpo95aZA==}
    dev: true

  /tosource/1.0.0:
    resolution: {integrity: sha1-QtiN0RZhi88A1hBt1URvNCeQL/E=}
    engines: {node: '>=0.4.0'}
    dev: true

  /tslib/2.3.1:
    resolution: {integrity: sha512-77EbyPPpMz+FRFRuAFlWMtmgUWGe9UOG2Z25NqCwiIjRhOf5iKGuzSe5P2w1laq+FkRy4p+PCuVkJSGkzTEKVw==}
    dev: true

  /universalify/0.1.2:
    resolution: {integrity: sha512-rBJeI5CXAlmy1pV+617WB9J63U6XcazHHF2f2dbJix4XzpUF0RS3Zbj0FGIOCAva5P/d/GBOYaACQ1w+0azUkg==}
    engines: {node: '>= 4.0.0'}
    dev: true

  /upper-case-first/2.0.2:
    resolution: {integrity: sha512-514ppYHBaKwfJRK/pNC6c/OxfGa0obSnAl106u97Ed0I625Nin96KAjttZF6ZL3e1XLtphxnqrOi9iWgm+u+bg==}
    dependencies:
      tslib: 2.3.1
    dev: true

  /upper-case/2.0.2:
    resolution: {integrity: sha512-KgdgDGJt2TpuwBUIjgG6lzw2GWFRCW9Qkfkiv0DxqHHLYJHmtmdUIKcZd8rHgFSjopVTlw6ggzCm1b8MFQwikg==}
    dependencies:
      tslib: 2.3.1
    dev: true

  /vite-plugin-svgstring/1.0.0:
    resolution: {integrity: sha512-dQeQBJVu+nTUrBTWIfgjXX1YHD/SxKVjpI77scXMCHUa8mbOmWHWNdzSJ3ZeOB3XMZCvggezKBEIm59SjmvRiQ==}
    dev: true

  /vite/2.7.2:
    resolution: {integrity: sha512-wMffVVdKZRZP/HwW3yttKL8X+IJePz7bUcnGm0vqljffpVwHpjWC3duZtJQHAGvy+wrTjmwU7vkULpZ1dVXY6w==}
    engines: {node: '>=12.2.0'}
    hasBin: true
    peerDependencies:
      less: '*'
      sass: '*'
      stylus: '*'
    peerDependenciesMeta:
      less:
        optional: true
      sass:
        optional: true
      stylus:
        optional: true
    dependencies:
      esbuild: 0.13.15
      postcss: 8.4.5
      resolve: 1.20.0
      rollup: 2.61.0
    optionalDependencies:
      fsevents: 2.3.2
    dev: true

  /web-streams-polyfill/3.2.0:
    resolution: {integrity: sha512-EqPmREeOzttaLRm5HS7io98goBgZ7IVz79aDvqjD0kYXLtFZTc0T/U6wHTPKyIjb+MdN7DFIIX6hgdBEpWmfPA==}
    engines: {node: '>= 8'}
    dev: true

  /wrappy/1.0.2:
    resolution: {integrity: sha1-tSQ9jz7BqjXxNkYFvA0QNuMKtp8=}
    dev: true
