lockfileVersion: 5.3

specifiers:
  '@rollup/plugin-dsv': ^2.0.3
  '@sveltejs/adapter-static': 1.0.0-next.28
  '@sveltejs/kit': 1.0.0-next.265
  archieml: ^0.5.0
  autoprefixer: ^10.4.2
  d3: ^7.3.0
  feather-icons: ^4.28.0
  lodash.debounce: ^4.0.8
  node-fetch: ^3.2.0
  postcss: ^8.4.6
  prettier: ^2.5.1
  prettier-plugin-svelte: ^2.6.0
  rollup-plugin-svg: ^2.0.0
  style-dictionary: ^3.1.1
  svelte: ^3.46.4
  svelte-preprocess: ^4.10.3
  vite-plugin-svgstring: ^1.0.0

devDependencies:
  '@rollup/plugin-dsv': 2.0.3
  '@sveltejs/adapter-static': 1.0.0-next.28
  '@sveltejs/kit': 1.0.0-next.265_svelte@3.46.4
  archieml: 0.5.0
  autoprefixer: 10.4.2_postcss@8.4.6
  d3: 7.3.0
  feather-icons: 4.28.0
  lodash.debounce: 4.0.8
  node-fetch: 3.2.0
  postcss: 8.4.6
  prettier: 2.5.1
  prettier-plugin-svelte: 2.6.0_prettier@2.5.1+svelte@3.46.4
  rollup-plugin-svg: 2.0.0
  style-dictionary: 3.1.1
  svelte: 3.46.4
  svelte-preprocess: 4.10.3_postcss@8.4.6+svelte@3.46.4
  vite-plugin-svgstring: 1.0.0

packages:

  /@rollup/plugin-dsv/2.0.3:
    resolution: {integrity: sha512-x2lqNepgPZUwRgNzEK8oTpoN6Y7NEQQl1PHp4gltXuxeJGlu3oyxVuw5gY5+T/LMUyQ9Nvlw6xu/rOC7v9kxPg==}
    dependencies:
      '@rollup/pluginutils': 3.1.0
      '@types/d3-dsv': 1.2.1
      d3-dsv: 1.2.0
      tosource: 1.0.0
    transitivePeerDependencies:
      - rollup
    dev: true

  /@rollup/pluginutils/3.1.0:
    resolution: {integrity: sha512-GksZ6pr6TpIjHm8h9lSQ8pi8BE9VeubNT0OMJ3B5uZJ8pz73NPiqOtCog/x2/QzM1ENChPKxMDhiQuRHsqc+lg==}
    engines: {node: '>= 8.0.0'}
    peerDependencies:
      rollup: ^1.20.0||^2.0.0
    dependencies:
      '@types/estree': 0.0.39
      estree-walker: 1.0.1
      picomatch: 2.3.1
    dev: true

  /@rollup/pluginutils/4.1.2:
    resolution: {integrity: sha512-ROn4qvkxP9SyPeHaf7uQC/GPFY6L/OWy9+bd9AwcjOAWQwxRscoEyAUD8qCY5o5iL4jqQwoLk2kaTKJPb/HwzQ==}
    engines: {node: '>= 8.0.0'}
    dependencies:
      estree-walker: 2.0.2
      picomatch: 2.3.1
    dev: true

  /@sveltejs/adapter-static/1.0.0-next.28:
    resolution: {integrity: sha512-c4xLyeSwnbGQxe4f1SLpHTbxZDm3TEr43scR3tOlVgQN+mnAL9aDdl3nTtdzWmrUDmDEmY4GriAwLyFLZuINLw==}
    dependencies:
      tiny-glob: 0.2.9
    dev: true

  /@sveltejs/kit/1.0.0-next.265_svelte@3.46.4:
    resolution: {integrity: sha512-7Y79kfJ3VRAqQ8w05wgI/im3jmR/Hy7/FN7rdKVYf5xuW6X4gwqM1qjWKIdQUTFWIgg3B/XIuCZZsfrGC064eA==}
    engines: {node: '>=14.13'}
    hasBin: true
    peerDependencies:
      svelte: ^3.44.0
    dependencies:
      '@sveltejs/vite-plugin-svelte': 1.0.0-next.37_svelte@3.46.4+vite@2.8.3
      sade: 1.8.1
      svelte: 3.46.4
      vite: 2.8.3
    transitivePeerDependencies:
      - diff-match-patch
      - less
      - sass
      - stylus
      - supports-color
    dev: true

  /@sveltejs/vite-plugin-svelte/1.0.0-next.37_svelte@3.46.4+vite@2.8.3:
    resolution: {integrity: sha512-EdSXw2rXeOahNrQfMJVZxa/NxZxW1a0TiBI3s+pVxnxU14hEQtnkLtdbTFhnceu22gJpNPFSIJRcIwRBBDQIeA==}
    engines: {node: ^14.13.1 || >= 16}
    peerDependencies:
      diff-match-patch: ^1.0.5
      svelte: ^3.44.0
      vite: ^2.7.0
    peerDependenciesMeta:
      diff-match-patch:
        optional: true
    dependencies:
      '@rollup/pluginutils': 4.1.2
      debug: 4.3.3
      kleur: 4.1.4
      magic-string: 0.25.7
      svelte: 3.46.4
      svelte-hmr: 0.14.9_svelte@3.46.4
      vite: 2.8.3
    transitivePeerDependencies:
      - supports-color
    dev: true

  /@types/d3-dsv/1.2.1:
    resolution: {integrity: sha512-LLmJmjiqp/fTNEdij5bIwUJ6P6TVNk5hKM9/uk5RPO2YNgEu9XvKO0dJ7Iqd3psEdmZN1m7gB1bOsjr4HmO2BA==}
    dev: true

  /@types/estree/0.0.39:
    resolution: {integrity: sha512-EYNwp3bU+98cpU4lAWYYL7Zz+2gryWH1qbdDTidVd6hkiR6weksdbMadyXKXNPEkQFhXM+hVO9ZygomHXp+AIw==}
    dev: true

  /@types/node/17.0.18:
    resolution: {integrity: sha512-eKj4f/BsN/qcculZiRSujogjvp5O/k4lOW5m35NopjZM/QwLOR075a8pJW5hD+Rtdm2DaCVPENS6KtSQnUD6BA==}
    dev: true

  /@types/pug/2.0.6:
    resolution: {integrity: sha512-SnHmG9wN1UVmagJOnyo/qkk0Z7gejYxOYYmaAwr5u2yFYfsupN3sg10kyzN8Hep/2zbHxCnsumxOoRIRMBwKCg==}
    dev: true

  /@types/sass/1.43.1:
    resolution: {integrity: sha512-BPdoIt1lfJ6B7rw35ncdwBZrAssjcwzI5LByIrYs+tpXlj/CAkuVdRsgZDdP4lq5EjyWzwxZCqAoFyHKFwp32g==}
    dependencies:
      '@types/node': 17.0.18
    dev: true

  /ansi-styles/4.3.0:
    resolution: {integrity: sha512-zbB9rCJAT1rbjiVDb2hqKFHNYLxgtk8NURxZ3IZwD3F6NtxbXZQCnnSi1Lkx+IDohdPlFp222wVALIheZJQSEg==}
    engines: {node: '>=8'}
    dependencies:
      color-convert: 2.0.1
    dev: true

  /archieml/0.5.0:
    resolution: {integrity: sha512-HhL+z+8toD2M9b+TijMR/3fmbs6dhWcATBstpQFTCqU4iyqDENznwZ4JRN0w3EkBbUL34jOv3PJK5/45VF9hJA==}
    dev: true

  /autoprefixer/10.4.2_postcss@8.4.6:
    resolution: {integrity: sha512-9fOPpHKuDW1w/0EKfRmVnxTDt8166MAnLI3mgZ1JCnhNtYWxcJ6Ud5CO/AVOZi/AvFa8DY9RTy3h3+tFBlrrdQ==}
    engines: {node: ^10 || ^12 || >=14}
    hasBin: true
    peerDependencies:
      postcss: ^8.1.0
    dependencies:
      browserslist: 4.19.1
      caniuse-lite: 1.0.30001312
      fraction.js: 4.1.3
      normalize-range: 0.1.2
      picocolors: 1.0.0
      postcss: 8.4.6
      postcss-value-parser: 4.2.0
    dev: true

  /balanced-match/1.0.2:
    resolution: {integrity: sha512-3oSeUO0TMV67hN1AmbXsK4yaqU7tjiHlbxRDZOpH0KW9+CeX4bRAaX0Anxt0tx2MrpRpWwQaPwIlISEJhYU5Pw==}
    dev: true

  /brace-expansion/1.1.11:
    resolution: {integrity: sha512-iCuPHDFgrHX7H2vEI/5xpz07zSHB00TpugqhmYtVmMO6518mCuRMoOYFldEBl0g187ufozdaHgWKcYFb61qGiA==}
    dependencies:
      balanced-match: 1.0.2
      concat-map: 0.0.1
    dev: true

  /browserslist/4.19.1:
    resolution: {integrity: sha512-u2tbbG5PdKRTUoctO3NBD8FQ5HdPh1ZXPHzp1rwaa5jTc+RV9/+RlWiAIKmjRPQF+xbGM9Kklj5bZQFa2s/38A==}
    engines: {node: ^6 || ^7 || ^8 || ^9 || ^10 || ^11 || ^12 || >=13.7}
    hasBin: true
    dependencies:
      caniuse-lite: 1.0.30001312
      electron-to-chromium: 1.4.71
      escalade: 3.1.1
      node-releases: 2.0.2
      picocolors: 1.0.0
    dev: true

  /buffer-crc32/0.2.13:
    resolution: {integrity: sha1-DTM+PwDqxQqhRUq9MO+MKl2ackI=}
    dev: true

  /camel-case/4.1.2:
    resolution: {integrity: sha512-gxGWBrTT1JuMx6R+o5PTXMmUnhnVzLQ9SNutD4YqKtI6ap897t3tKECYla6gCWEkplXnlNybEkZg9GEGxKFCgw==}
    dependencies:
      pascal-case: 3.1.2
      tslib: 2.3.1
    dev: true

  /caniuse-lite/1.0.30001312:
    resolution: {integrity: sha512-Wiz1Psk2MEK0pX3rUzWaunLTZzqS2JYZFzNKqAiJGiuxIjRPLgV6+VDPOg6lQOUxmDwhTlh198JsTTi8Hzw6aQ==}
    dev: true

  /capital-case/1.0.4:
    resolution: {integrity: sha512-ds37W8CytHgwnhGGTi88pcPyR15qoNkOpYwmMMfnWqqWgESapLqvDx6huFjQ5vqWSn2Z06173XNA7LtMOeUh1A==}
    dependencies:
      no-case: 3.0.4
      tslib: 2.3.1
      upper-case-first: 2.0.2
    dev: true

  /chalk/4.1.2:
    resolution: {integrity: sha512-oKnbhFyRIXpUuez8iBMmyEa4nbj4IOQyuhc/wy9kY7/WVPcwIO9VA668Pu8RkO7+0G76SLROeyw9CpQ061i4mA==}
    engines: {node: '>=10'}
    dependencies:
      ansi-styles: 4.3.0
      supports-color: 7.2.0
    dev: true

  /change-case/4.1.2:
    resolution: {integrity: sha512-bSxY2ws9OtviILG1EiY5K7NNxkqg/JnRnFxLtKQ96JaviiIxi7djMrSd0ECT9AC+lttClmYwKw53BWpOMblo7A==}
    dependencies:
      camel-case: 4.1.2
      capital-case: 1.0.4
      constant-case: 3.0.4
      dot-case: 3.0.4
      header-case: 2.0.4
      no-case: 3.0.4
      param-case: 3.0.4
      pascal-case: 3.1.2
      path-case: 3.0.4
      sentence-case: 3.0.4
      snake-case: 3.0.4
      tslib: 2.3.1
    dev: true

  /classnames/2.3.1:
    resolution: {integrity: sha512-OlQdbZ7gLfGarSqxesMesDa5uz7KFbID8Kpq/SxIoNGDqY8lSYs0D+hhtBXhcdB3rcbXArFr7vlHheLk1voeNA==}
    dev: true

  /color-convert/2.0.1:
    resolution: {integrity: sha512-RRECPsj7iu/xb5oKYcsFHSppFNnsj/52OVTRKb4zP5onXwVF3zVmmToNcOfGC+CRDpfK/U584fMg38ZHCaElKQ==}
    engines: {node: '>=7.0.0'}
    dependencies:
      color-name: 1.1.4
    dev: true

  /color-name/1.1.4:
    resolution: {integrity: sha512-dOy+3AuW3a2wNbZHIuMZpTcgjGuLU/uBL/ubcZF9OXbDo8ff4O8yVp5Bf0efS8uEoYo5q4Fx7dY9OgQGXgAsQA==}
    dev: true

  /commander/2.20.3:
    resolution: {integrity: sha512-GpVkmM8vF2vQUkj2LvZmD35JxeJOLCwJ9cUkugyk2nuhbv3+mJvpLYYt+0+USMxE+oj+ey/lJEnhZw75x/OMcQ==}
    dev: true

  /commander/5.1.0:
    resolution: {integrity: sha512-P0CysNDQ7rtVw4QIQtm+MRxV66vKFSvlsQvGYXZWR3qFU0jlMKHZZZgw8e+8DSah4UDKMqnknRDQz+xuQXQ/Zg==}
    engines: {node: '>= 6'}
    dev: true

  /commander/7.2.0:
    resolution: {integrity: sha512-QrWXB+ZQSVPmIWIhtEO9H+gwHaMGYiF5ChvoJ+K9ZGHG/sVsa6yiesAD1GC/x46sET00Xlwo1u49RVVVzvcSkw==}
    engines: {node: '>= 10'}
    dev: true

  /concat-map/0.0.1:
    resolution: {integrity: sha1-2Klr13/Wjfd5OnMDajug1UBdR3s=}
    dev: true

  /constant-case/3.0.4:
    resolution: {integrity: sha512-I2hSBi7Vvs7BEuJDr5dDHfzb/Ruj3FyvFyh7KLilAjNQw3Be+xgqUBA2W6scVEcL0hL1dwPRtIqEPVUCKkSsyQ==}
    dependencies:
      no-case: 3.0.4
      tslib: 2.3.1
      upper-case: 2.0.2
    dev: true

  /core-js/3.21.1:
    resolution: {integrity: sha512-FRq5b/VMrWlrmCzwRrpDYNxyHP9BcAZC+xHJaqTgIE5091ZV1NTmyh0sGOg5XqpnHvR0svdy0sv1gWA1zmhxig==}
    requiresBuild: true
    dev: true

  /d3-array/3.1.1:
    resolution: {integrity: sha512-33qQ+ZoZlli19IFiQx4QEpf2CBEayMRzhlisJHSCsSUbDXv6ZishqS1x7uFVClKG4Wr7rZVHvaAttoLow6GqdQ==}
    engines: {node: '>=12'}
    dependencies:
      internmap: 2.0.3
    dev: true

  /d3-axis/3.0.0:
    resolution: {integrity: sha512-IH5tgjV4jE/GhHkRV0HiVYPDtvfjHQlQfJHs0usq7M30XcSBvOotpmH1IgkcXsO/5gEQZD43B//fc7SRT5S+xw==}
    engines: {node: '>=12'}
    dev: true

  /d3-brush/3.0.0:
    resolution: {integrity: sha512-ALnjWlVYkXsVIGlOsuWH1+3udkYFI48Ljihfnh8FZPF2QS9o+PzGLBslO0PjzVoHLZ2KCVgAM8NVkXPJB2aNnQ==}
    engines: {node: '>=12'}
    dependencies:
      d3-dispatch: 3.0.1
      d3-drag: 3.0.0
      d3-interpolate: 3.0.1
      d3-selection: 3.0.0
      d3-transition: 3.0.1_d3-selection@3.0.0
    dev: true

  /d3-chord/3.0.1:
    resolution: {integrity: sha512-VE5S6TNa+j8msksl7HwjxMHDM2yNK3XCkusIlpX5kwauBfXuyLAtNg9jCp/iHH61tgI4sb6R/EIMWCqEIdjT/g==}
    engines: {node: '>=12'}
    dependencies:
      d3-path: 3.0.1
    dev: true

  /d3-color/3.0.1:
    resolution: {integrity: sha512-6/SlHkDOBLyQSJ1j1Ghs82OIUXpKWlR0hCsw0XrLSQhuUPuCSmLQ1QPH98vpnQxMUQM2/gfAkUEWsupVpd9JGw==}
    engines: {node: '>=12'}
    dev: true

  /d3-contour/3.0.1:
    resolution: {integrity: sha512-0Oc4D0KyhwhM7ZL0RMnfGycLN7hxHB8CMmwZ3+H26PWAG0ozNuYG5hXSDNgmP1SgJkQMrlG6cP20HoaSbvcJTQ==}
    engines: {node: '>=12'}
    dependencies:
      d3-array: 3.1.1
    dev: true

  /d3-delaunay/6.0.2:
    resolution: {integrity: sha512-IMLNldruDQScrcfT+MWnazhHbDJhcRJyOEBAJfwQnHle1RPh6WDuLvxNArUju2VSMSUuKlY5BGHRJ2cYyoFLQQ==}
    engines: {node: '>=12'}
    dependencies:
      delaunator: 5.0.0
    dev: true

  /d3-dispatch/3.0.1:
    resolution: {integrity: sha512-rzUyPU/S7rwUflMyLc1ETDeBj0NRuHKKAcvukozwhshr6g6c5d8zh4c2gQjY2bZ0dXeGLWc1PF174P2tVvKhfg==}
    engines: {node: '>=12'}
    dev: true

  /d3-drag/3.0.0:
    resolution: {integrity: sha512-pWbUJLdETVA8lQNJecMxoXfH6x+mO2UQo8rSmZ+QqxcbyA3hfeprFgIT//HW2nlHChWeIIMwS2Fq+gEARkhTkg==}
    engines: {node: '>=12'}
    dependencies:
      d3-dispatch: 3.0.1
      d3-selection: 3.0.0
    dev: true

  /d3-dsv/1.2.0:
    resolution: {integrity: sha512-9yVlqvZcSOMhCYzniHE7EVUws7Fa1zgw+/EAV2BxJoG3ME19V6BQFBwI855XQDsxyOuG7NibqRMTtiF/Qup46g==}
    hasBin: true
    dependencies:
      commander: 2.20.3
      iconv-lite: 0.4.24
      rw: 1.3.3
    dev: true

  /d3-dsv/3.0.1:
    resolution: {integrity: sha512-UG6OvdI5afDIFP9w4G0mNq50dSOsXHJaRE8arAS5o9ApWnIElp8GZw1Dun8vP8OyHOZ/QJUKUJwxiiCCnUwm+Q==}
    engines: {node: '>=12'}
    hasBin: true
    dependencies:
      commander: 7.2.0
      iconv-lite: 0.6.3
      rw: 1.3.3
    dev: true

  /d3-ease/3.0.1:
    resolution: {integrity: sha512-wR/XK3D3XcLIZwpbvQwQ5fK+8Ykds1ip7A2Txe0yxncXSdq1L9skcG7blcedkOX+ZcgxGAmLX1FrRGbADwzi0w==}
    engines: {node: '>=12'}
    dev: true

  /d3-fetch/3.0.1:
    resolution: {integrity: sha512-kpkQIM20n3oLVBKGg6oHrUchHM3xODkTzjMoj7aWQFq5QEM+R6E4WkzT5+tojDY7yjez8KgCBRoj4aEr99Fdqw==}
    engines: {node: '>=12'}
    dependencies:
      d3-dsv: 3.0.1
    dev: true

  /d3-force/3.0.0:
    resolution: {integrity: sha512-zxV/SsA+U4yte8051P4ECydjD/S+qeYtnaIyAs9tgHCqfguma/aAQDjo85A9Z6EKhBirHRJHXIgJUlffT4wdLg==}
    engines: {node: '>=12'}
    dependencies:
      d3-dispatch: 3.0.1
      d3-quadtree: 3.0.1
      d3-timer: 3.0.1
    dev: true

  /d3-format/3.1.0:
    resolution: {integrity: sha512-YyUI6AEuY/Wpt8KWLgZHsIU86atmikuoOmCfommt0LYHiQSPjvX2AcFc38PX0CBpr2RCyZhjex+NS/LPOv6YqA==}
    engines: {node: '>=12'}
    dev: true

  /d3-geo/3.0.1:
    resolution: {integrity: sha512-Wt23xBych5tSy9IYAM1FR2rWIBFWa52B/oF/GYe5zbdHrg08FU8+BuI6X4PvTwPDdqdAdq04fuWJpELtsaEjeA==}
    engines: {node: '>=12'}
    dependencies:
      d3-array: 3.1.1
    dev: true

  /d3-hierarchy/3.1.1:
    resolution: {integrity: sha512-LtAIu54UctRmhGKllleflmHalttH3zkfSi4NlKrTAoFKjC+AFBJohsCAdgCBYQwH0F8hIOGY89X1pPqAchlMkA==}
    engines: {node: '>=12'}
    dev: true

  /d3-interpolate/3.0.1:
    resolution: {integrity: sha512-3bYs1rOD33uo8aqJfKP3JWPAibgw8Zm2+L9vBKEHJ2Rg+viTR7o5Mmv5mZcieN+FRYaAOWX5SJATX6k1PWz72g==}
    engines: {node: '>=12'}
    dependencies:
      d3-color: 3.0.1
    dev: true

  /d3-path/3.0.1:
    resolution: {integrity: sha512-gq6gZom9AFZby0YLduxT1qmrp4xpBA1YZr19OI717WIdKE2OM5ETq5qrHLb301IgxhLwcuxvGZVLeeWc/k1I6w==}
    engines: {node: '>=12'}
    dev: true

  /d3-polygon/3.0.1:
    resolution: {integrity: sha512-3vbA7vXYwfe1SYhED++fPUQlWSYTTGmFmQiany/gdbiWgU/iEyQzyymwL9SkJjFFuCS4902BSzewVGsHHmHtXg==}
    engines: {node: '>=12'}
    dev: true

  /d3-quadtree/3.0.1:
    resolution: {integrity: sha512-04xDrxQTDTCFwP5H6hRhsRcb9xxv2RzkcsygFzmkSIOJy3PeRJP7sNk3VRIbKXcog561P9oU0/rVH6vDROAgUw==}
    engines: {node: '>=12'}
    dev: true

  /d3-random/3.0.1:
    resolution: {integrity: sha512-FXMe9GfxTxqd5D6jFsQ+DJ8BJS4E/fT5mqqdjovykEB2oFbTMDVdg1MGFxfQW+FBOGoB++k8swBrgwSHT1cUXQ==}
    engines: {node: '>=12'}
    dev: true

  /d3-scale-chromatic/3.0.0:
    resolution: {integrity: sha512-Lx9thtxAKrO2Pq6OO2Ua474opeziKr279P/TKZsMAhYyNDD3EnCffdbgeSYN5O7m2ByQsxtuP2CSDczNUIZ22g==}
    engines: {node: '>=12'}
    dependencies:
      d3-color: 3.0.1
      d3-interpolate: 3.0.1
    dev: true

  /d3-scale/4.0.2:
    resolution: {integrity: sha512-GZW464g1SH7ag3Y7hXjf8RoUuAFIqklOAq3MRl4OaWabTFJY9PN/E1YklhXLh+OQ3fM9yS2nOkCoS+WLZ6kvxQ==}
    engines: {node: '>=12'}
    dependencies:
      d3-array: 3.1.1
      d3-format: 3.1.0
      d3-interpolate: 3.0.1
      d3-time: 3.0.0
      d3-time-format: 4.1.0
    dev: true

  /d3-selection/3.0.0:
    resolution: {integrity: sha512-fmTRWbNMmsmWq6xJV8D19U/gw/bwrHfNXxrIN+HfZgnzqTHp9jOmKMhsTUjXOJnZOdZY9Q28y4yebKzqDKlxlQ==}
    engines: {node: '>=12'}
    dev: true

  /d3-shape/3.1.0:
    resolution: {integrity: sha512-tGDh1Muf8kWjEDT/LswZJ8WF85yDZLvVJpYU9Nq+8+yW1Z5enxrmXOhTArlkaElU+CTn0OTVNli+/i+HP45QEQ==}
    engines: {node: '>=12'}
    dependencies:
      d3-path: 3.0.1
    dev: true

  /d3-time-format/4.1.0:
    resolution: {integrity: sha512-dJxPBlzC7NugB2PDLwo9Q8JiTR3M3e4/XANkreKSUxF8vvXKqm1Yfq4Q5dl8budlunRVlUUaDUgFt7eA8D6NLg==}
    engines: {node: '>=12'}
    dependencies:
      d3-time: 3.0.0
    dev: true

  /d3-time/3.0.0:
    resolution: {integrity: sha512-zmV3lRnlaLI08y9IMRXSDshQb5Nj77smnfpnd2LrBa/2K281Jijactokeak14QacHs/kKq0AQ121nidNYlarbQ==}
    engines: {node: '>=12'}
    dependencies:
      d3-array: 3.1.1
    dev: true

  /d3-timer/3.0.1:
    resolution: {integrity: sha512-ndfJ/JxxMd3nw31uyKoY2naivF+r29V+Lc0svZxe1JvvIRmi8hUsrMvdOwgS1o6uBHmiz91geQ0ylPP0aj1VUA==}
    engines: {node: '>=12'}
    dev: true

  /d3-transition/3.0.1_d3-selection@3.0.0:
    resolution: {integrity: sha512-ApKvfjsSR6tg06xrL434C0WydLr7JewBB3V+/39RMHsaXTOG0zmt/OAXeng5M5LBm0ojmxJrpomQVZ1aPvBL4w==}
    engines: {node: '>=12'}
    peerDependencies:
      d3-selection: 2 - 3
    dependencies:
      d3-color: 3.0.1
      d3-dispatch: 3.0.1
      d3-ease: 3.0.1
      d3-interpolate: 3.0.1
      d3-selection: 3.0.0
      d3-timer: 3.0.1
    dev: true

  /d3-zoom/3.0.0:
    resolution: {integrity: sha512-b8AmV3kfQaqWAuacbPuNbL6vahnOJflOhexLzMMNLga62+/nh0JzvJ0aO/5a5MVgUFGS7Hu1P9P03o3fJkDCyw==}
    engines: {node: '>=12'}
    dependencies:
      d3-dispatch: 3.0.1
      d3-drag: 3.0.0
      d3-interpolate: 3.0.1
      d3-selection: 3.0.0
      d3-transition: 3.0.1_d3-selection@3.0.0
    dev: true

  /d3/7.3.0:
    resolution: {integrity: sha512-MDRLJCMK232OJQRqGljQ/gCxtB8k3/sLKFjftMjzPB3nKVUODpdW9Rb3vcq7U8Ka5YKoZkAmp++Ur6I+6iNWIw==}
    engines: {node: '>=12'}
    dependencies:
      d3-array: 3.1.1
      d3-axis: 3.0.0
      d3-brush: 3.0.0
      d3-chord: 3.0.1
      d3-color: 3.0.1
      d3-contour: 3.0.1
      d3-delaunay: 6.0.2
      d3-dispatch: 3.0.1
      d3-drag: 3.0.0
      d3-dsv: 3.0.1
      d3-ease: 3.0.1
      d3-fetch: 3.0.1
      d3-force: 3.0.0
      d3-format: 3.1.0
      d3-geo: 3.0.1
      d3-hierarchy: 3.1.1
      d3-interpolate: 3.0.1
      d3-path: 3.0.1
      d3-polygon: 3.0.1
      d3-quadtree: 3.0.1
      d3-random: 3.0.1
      d3-scale: 4.0.2
      d3-scale-chromatic: 3.0.0
      d3-selection: 3.0.0
      d3-shape: 3.1.0
      d3-time: 3.0.0
      d3-time-format: 4.1.0
      d3-timer: 3.0.1
      d3-transition: 3.0.1_d3-selection@3.0.0
      d3-zoom: 3.0.0
    dev: true

  /data-uri-to-buffer/4.0.0:
    resolution: {integrity: sha512-Vr3mLBA8qWmcuschSLAOogKgQ/Jwxulv3RNE4FXnYWRGujzrRWQI4m12fQqRkwX06C0KanhLr4hK+GydchZsaA==}
    engines: {node: '>= 12'}
    dev: true

  /debug/4.3.3:
    resolution: {integrity: sha512-/zxw5+vh1Tfv+4Qn7a5nsbcJKPaSvCDhojn6FEl9vupwK2VCSDtEiEtqr8DFtzYFOdz63LBkxec7DYuc2jon6Q==}
    engines: {node: '>=6.0'}
    peerDependencies:
      supports-color: '*'
    peerDependenciesMeta:
      supports-color:
        optional: true
    dependencies:
      ms: 2.1.2
    dev: true

  /delaunator/5.0.0:
    resolution: {integrity: sha512-AyLvtyJdbv/U1GkiS6gUUzclRoAY4Gs75qkMygJJhU75LW4DNuSF2RMzpxs9jw9Oz1BobHjTdkG3zdP55VxAqw==}
    dependencies:
      robust-predicates: 3.0.1
    dev: true

  /detect-indent/6.1.0:
    resolution: {integrity: sha512-reYkTUJAZb9gUuZ2RvVCNhVHdg62RHnJ7WJl8ftMi4diZ6NWlciOzQN88pUhSELEwflJht4oQDv0F0BMlwaYtA==}
    engines: {node: '>=8'}
    dev: true

  /dot-case/3.0.4:
    resolution: {integrity: sha512-Kv5nKlh6yRrdrGvxeJ2e5y2eRUpkUosIW4A2AS38zwSz27zu7ufDwQPi5Jhs3XAlGNetl3bmnGhQsMtkKJnj3w==}
    dependencies:
      no-case: 3.0.4
      tslib: 2.3.1
    dev: true

  /electron-to-chromium/1.4.71:
    resolution: {integrity: sha512-Hk61vXXKRb2cd3znPE9F+2pLWdIOmP7GjiTj45y6L3W/lO+hSnUSUhq+6lEaERWBdZOHbk2s3YV5c9xVl3boVw==}
    dev: true

  /es6-promise/3.3.1:
    resolution: {integrity: sha1-oIzd6EzNvzTQJ6FFG8kdS80ophM=}
    dev: true

  /esbuild-android-arm64/0.14.22:
    resolution: {integrity: sha512-k1Uu4uC4UOFgrnTj2zuj75EswFSEBK+H6lT70/DdS4mTAOfs2ECv2I9ZYvr3w0WL0T4YItzJdK7fPNxcPw6YmQ==}
    engines: {node: '>=12'}
    cpu: [arm64]
    os: [android]
    requiresBuild: true
    dev: true
    optional: true

  /esbuild-darwin-64/0.14.22:
    resolution: {integrity: sha512-d8Ceuo6Vw6HM3fW218FB6jTY6O3r2WNcTAU0SGsBkXZ3k8SDoRLd3Nrc//EqzdgYnzDNMNtrWegK2Qsss4THhw==}
    engines: {node: '>=12'}
    cpu: [x64]
    os: [darwin]
    requiresBuild: true
    dev: true
    optional: true

  /esbuild-darwin-arm64/0.14.22:
    resolution: {integrity: sha512-YAt9Tj3SkIUkswuzHxkaNlT9+sg0xvzDvE75LlBo4DI++ogSgSmKNR6B4eUhU5EUUepVXcXdRIdqMq9ppeRqfw==}
    engines: {node: '>=12'}
    cpu: [arm64]
    os: [darwin]
    requiresBuild: true
    dev: true
    optional: true

  /esbuild-freebsd-64/0.14.22:
    resolution: {integrity: sha512-ek1HUv7fkXMy87Qm2G4IRohN+Qux4IcnrDBPZGXNN33KAL0pEJJzdTv0hB/42+DCYWylSrSKxk3KUXfqXOoH4A==}
    engines: {node: '>=12'}
    cpu: [x64]
    os: [freebsd]
    requiresBuild: true
    dev: true
    optional: true

  /esbuild-freebsd-arm64/0.14.22:
    resolution: {integrity: sha512-zPh9SzjRvr9FwsouNYTqgqFlsMIW07O8mNXulGeQx6O5ApgGUBZBgtzSlBQXkHi18WjrosYfsvp5nzOKiWzkjQ==}
    engines: {node: '>=12'}
    cpu: [arm64]
    os: [freebsd]
    requiresBuild: true
    dev: true
    optional: true

  /esbuild-linux-32/0.14.22:
    resolution: {integrity: sha512-SnpveoE4nzjb9t2hqCIzzTWBM0RzcCINDMBB67H6OXIuDa4KqFqaIgmTchNA9pJKOVLVIKd5FYxNiJStli21qg==}
    engines: {node: '>=12'}
    cpu: [ia32]
    os: [linux]
    requiresBuild: true
    dev: true
    optional: true

  /esbuild-linux-64/0.14.22:
    resolution: {integrity: sha512-Zcl9Wg7gKhOWWNqAjygyqzB+fJa19glgl2JG7GtuxHyL1uEnWlpSMytTLMqtfbmRykIHdab797IOZeKwk5g0zg==}
    engines: {node: '>=12'}
    cpu: [x64]
    os: [linux]
    requiresBuild: true
    dev: true
    optional: true

  /esbuild-linux-arm/0.14.22:
    resolution: {integrity: sha512-soPDdbpt/C0XvOOK45p4EFt8HbH5g+0uHs5nUKjHVExfgR7du734kEkXR/mE5zmjrlymk5AA79I0VIvj90WZ4g==}
    engines: {node: '>=12'}
    cpu: [arm]
    os: [linux]
    requiresBuild: true
    dev: true
    optional: true

  /esbuild-linux-arm64/0.14.22:
    resolution: {integrity: sha512-8q/FRBJtV5IHnQChO3LHh/Jf7KLrxJ/RCTGdBvlVZhBde+dk3/qS9fFsUy+rs3dEi49aAsyVitTwlKw1SUFm+A==}
    engines: {node: '>=12'}
    cpu: [arm64]
    os: [linux]
    requiresBuild: true
    dev: true
    optional: true

  /esbuild-linux-mips64le/0.14.22:
    resolution: {integrity: sha512-SiNDfuRXhGh1JQLLA9JPprBgPVFOsGuQ0yDfSPTNxztmVJd8W2mX++c4FfLpAwxuJe183mLuKf7qKCHQs5ZnBQ==}
    engines: {node: '>=12'}
    cpu: [mips64el]
    os: [linux]
    requiresBuild: true
    dev: true
    optional: true

  /esbuild-linux-ppc64le/0.14.22:
    resolution: {integrity: sha512-6t/GI9I+3o1EFm2AyN9+TsjdgWCpg2nwniEhjm2qJWtJyJ5VzTXGUU3alCO3evopu8G0hN2Bu1Jhz2YmZD0kng==}
    engines: {node: '>=12'}
    cpu: [ppc64]
    os: [linux]
    requiresBuild: true
    dev: true
    optional: true

  /esbuild-linux-riscv64/0.14.22:
    resolution: {integrity: sha512-AyJHipZKe88sc+tp5layovquw5cvz45QXw5SaDgAq2M911wLHiCvDtf/07oDx8eweCyzYzG5Y39Ih568amMTCQ==}
    engines: {node: '>=12'}
    cpu: [riscv64]
    os: [linux]
    requiresBuild: true
    dev: true
    optional: true

  /esbuild-linux-s390x/0.14.22:
    resolution: {integrity: sha512-Sz1NjZewTIXSblQDZWEFZYjOK6p8tV6hrshYdXZ0NHTjWE+lwxpOpWeElUGtEmiPcMT71FiuA9ODplqzzSxkzw==}
    engines: {node: '>=12'}
    cpu: [s390x]
    os: [linux]
    requiresBuild: true
    dev: true
    optional: true

  /esbuild-netbsd-64/0.14.22:
    resolution: {integrity: sha512-TBbCtx+k32xydImsHxvFgsOCuFqCTGIxhzRNbgSL1Z2CKhzxwT92kQMhxort9N/fZM2CkRCPPs5wzQSamtzEHA==}
    engines: {node: '>=12'}
    cpu: [x64]
    os: [netbsd]
    requiresBuild: true
    dev: true
    optional: true

  /esbuild-openbsd-64/0.14.22:
    resolution: {integrity: sha512-vK912As725haT313ANZZZN+0EysEEQXWC/+YE4rQvOQzLuxAQc2tjbzlAFREx3C8+uMuZj/q7E5gyVB7TzpcTA==}
    engines: {node: '>=12'}
    cpu: [x64]
    os: [openbsd]
    requiresBuild: true
    dev: true
    optional: true

  /esbuild-sunos-64/0.14.22:
    resolution: {integrity: sha512-/mbJdXTW7MTcsPhtfDsDyPEOju9EOABvCjeUU2OJ7fWpX/Em/H3WYDa86tzLUbcVg++BScQDzqV/7RYw5XNY0g==}
    engines: {node: '>=12'}
    cpu: [x64]
    os: [sunos]
    requiresBuild: true
    dev: true
    optional: true

  /esbuild-windows-32/0.14.22:
    resolution: {integrity: sha512-1vRIkuvPTjeSVK3diVrnMLSbkuE36jxA+8zGLUOrT4bb7E/JZvDRhvtbWXWaveUc/7LbhaNFhHNvfPuSw2QOQg==}
    engines: {node: '>=12'}
    cpu: [ia32]
    os: [win32]
    requiresBuild: true
    dev: true
    optional: true

  /esbuild-windows-64/0.14.22:
    resolution: {integrity: sha512-AxjIDcOmx17vr31C5hp20HIwz1MymtMjKqX4qL6whPj0dT9lwxPexmLj6G1CpR3vFhui6m75EnBEe4QL82SYqw==}
    engines: {node: '>=12'}
    cpu: [x64]
    os: [win32]
    requiresBuild: true
    dev: true
    optional: true

  /esbuild-windows-arm64/0.14.22:
    resolution: {integrity: sha512-5wvQ+39tHmRhNpu2Fx04l7QfeK3mQ9tKzDqqGR8n/4WUxsFxnVLfDRBGirIfk4AfWlxk60kqirlODPoT5LqMUg==}
    engines: {node: '>=12'}
    cpu: [arm64]
    os: [win32]
    requiresBuild: true
    dev: true
    optional: true

  /esbuild/0.14.22:
    resolution: {integrity: sha512-CjFCFGgYtbFOPrwZNJf7wsuzesx8kqwAffOlbYcFDLFuUtP8xloK1GH+Ai13Qr0RZQf9tE7LMTHJ2iVGJ1SKZA==}
    engines: {node: '>=12'}
    hasBin: true
    requiresBuild: true
    optionalDependencies:
      esbuild-android-arm64: 0.14.22
      esbuild-darwin-64: 0.14.22
      esbuild-darwin-arm64: 0.14.22
      esbuild-freebsd-64: 0.14.22
      esbuild-freebsd-arm64: 0.14.22
      esbuild-linux-32: 0.14.22
      esbuild-linux-64: 0.14.22
      esbuild-linux-arm: 0.14.22
      esbuild-linux-arm64: 0.14.22
      esbuild-linux-mips64le: 0.14.22
      esbuild-linux-ppc64le: 0.14.22
      esbuild-linux-riscv64: 0.14.22
      esbuild-linux-s390x: 0.14.22
      esbuild-netbsd-64: 0.14.22
      esbuild-openbsd-64: 0.14.22
      esbuild-sunos-64: 0.14.22
      esbuild-windows-32: 0.14.22
      esbuild-windows-64: 0.14.22
      esbuild-windows-arm64: 0.14.22
    dev: true

  /escalade/3.1.1:
    resolution: {integrity: sha512-k0er2gUkLf8O0zKJiAhmkTnJlTvINGv7ygDNPbeIsX/TJjGJZHuh9B2UxbsaEkmlEo9MfhrSzmhIlhRlI2GXnw==}
    engines: {node: '>=6'}
    dev: true

  /estree-walker/0.2.1:
    resolution: {integrity: sha1-va/oCVOD2EFNXcLs9MkXO225QS4=}
    dev: true

  /estree-walker/1.0.1:
    resolution: {integrity: sha512-1fMXF3YP4pZZVozF8j/ZLfvnR8NSIljt56UhbZ5PeeDmmGHpgpdwQt7ITlGvYaQukCvuBRMLEiKiYC+oeIg4cg==}
    dev: true

  /estree-walker/2.0.2:
    resolution: {integrity: sha512-Rfkk/Mp/DL7JVje3u18FxFujQlTNR2q6QfMSMB7AvCBx91NGj/ba3kCfza0f6dVDbw7YlRf/nDrn7pQrCCyQ/w==}
    dev: true

  /feather-icons/4.28.0:
    resolution: {integrity: sha512-gRdqKESXRBUZn6Nl0VBq2wPHKRJgZz7yblrrc2lYsS6odkNFDnA4bqvrlEVRUPjE1tFax+0TdbJKZ31ziJuzjg==}
    dependencies:
      classnames: 2.3.1
      core-js: 3.21.1
    dev: true

  /fetch-blob/3.1.4:
    resolution: {integrity: sha512-Eq5Xv5+VlSrYWEqKrusxY1C3Hm/hjeAsCGVG3ft7pZahlUAChpGZT/Ms1WmSLnEAisEXszjzu/s+ce6HZB2VHA==}
    engines: {node: ^12.20 || >= 14.13}
    dependencies:
      node-domexception: 1.0.0
      web-streams-polyfill: 3.2.0
    dev: true

  /formdata-polyfill/4.0.10:
    resolution: {integrity: sha512-buewHzMvYL29jdeQTVILecSaZKnt/RJWjoZCF5OW60Z67/GmSLBkOFM7qh1PI3zFNtJbaZL5eQu1vLfazOwj4g==}
    engines: {node: '>=12.20.0'}
    dependencies:
      fetch-blob: 3.1.4
    dev: true

  /fraction.js/4.1.3:
    resolution: {integrity: sha512-pUHWWt6vHzZZiQJcM6S/0PXfS+g6FM4BF5rj9wZyreivhQPdsh5PpE25VtSNxq80wHS5RfY51Ii+8Z0Zl/pmzg==}
    dev: true

  /fs-extra/8.1.0:
    resolution: {integrity: sha512-yhlQgA6mnOJUKOsRUFsgJdQCvkKhcz8tlZG5HBQfReYZy46OwLcY+Zia0mtdHsOo9y/hP+CxMN0TU9QxoOtG4g==}
    engines: {node: '>=6 <7 || >=8'}
    dependencies:
      graceful-fs: 4.2.9
      jsonfile: 4.0.0
      universalify: 0.1.2
    dev: true

  /fs.realpath/1.0.0:
    resolution: {integrity: sha1-FQStJSMVjKpA20onh8sBQRmU6k8=}
    dev: true

  /fsevents/2.3.2:
    resolution: {integrity: sha512-xiqMQR4xAeHTuB9uWm+fFRcIOgKBMiOBP+eXiyT7jsgVCq1bkVygt00oASowB7EdtpOHaaPgKt812P9ab+DDKA==}
    engines: {node: ^8.16.0 || ^10.6.0 || >=11.0.0}
    os: [darwin]
    requiresBuild: true
    dev: true
    optional: true

  /function-bind/1.1.1:
    resolution: {integrity: sha512-yIovAzMX49sF8Yl58fSCWJ5svSLuaibPxXQJFLmBObTuCr0Mf1KiPopGM9NiFjiYBCbfaa2Fh6breQ6ANVTI0A==}
    dev: true

  /glob/7.2.0:
    resolution: {integrity: sha512-lmLf6gtyrPq8tTjSmrO94wBeQbFR3HbLHbuyD69wuyQkImp2hWqMGB47OX65FBkPffO641IP9jWa1z4ivqG26Q==}
    dependencies:
      fs.realpath: 1.0.0
      inflight: 1.0.6
      inherits: 2.0.4
      minimatch: 3.1.2
      once: 1.4.0
      path-is-absolute: 1.0.1
    dev: true

  /globalyzer/0.1.0:
    resolution: {integrity: sha512-40oNTM9UfG6aBmuKxk/giHn5nQ8RVz/SS4Ir6zgzOv9/qC3kKZ9v4etGTcJbEl/NyVQH7FGU7d+X1egr57Md2Q==}
    dev: true

  /globrex/0.1.2:
    resolution: {integrity: sha512-uHJgbwAMwNFf5mLst7IWLNg14x1CkeqglJb/K3doi4dw6q2IvAAmM/Y81kevy83wP+Sst+nutFTYOGg3d1lsxg==}
    dev: true

  /graceful-fs/4.2.9:
    resolution: {integrity: sha512-NtNxqUcXgpW2iMrfqSfR73Glt39K+BLwWsPs94yR63v45T0Wbej7eRmL5cWfwEgqXnmjQp3zaJTshdRW/qC2ZQ==}
    dev: true

  /has-flag/4.0.0:
    resolution: {integrity: sha512-EykJT/Q1KjTWctppgIAgfSO0tKVuZUjhgMr17kqTumMl6Afv3EISleU7qZUzoXDFTAHTDC4NOoG/ZxU3EvlMPQ==}
    engines: {node: '>=8'}
    dev: true

  /has/1.0.3:
    resolution: {integrity: sha512-f2dvO0VU6Oej7RkWJGrehjbzMAjFp5/VKPp5tTpWIV4JHHZK1/BxbFRtf/siA2SWTe09caDmVtYYzWEIbBS4zw==}
    engines: {node: '>= 0.4.0'}
    dependencies:
      function-bind: 1.1.1
    dev: true

  /header-case/2.0.4:
    resolution: {integrity: sha512-H/vuk5TEEVZwrR0lp2zed9OCo1uAILMlx0JEMgC26rzyJJ3N1v6XkwHHXJQdR2doSjcGPM6OKPYoJgf0plJ11Q==}
    dependencies:
      capital-case: 1.0.4
      tslib: 2.3.1
    dev: true

  /iconv-lite/0.4.24:
    resolution: {integrity: sha512-v3MXnZAcvnywkTUEZomIActle7RXXeedOR31wwl7VlyoXO4Qi9arvSenNQWne1TcRwhCL1HwLI21bEqdpj8/rA==}
    engines: {node: '>=0.10.0'}
    dependencies:
      safer-buffer: 2.1.2
    dev: true

  /iconv-lite/0.6.3:
    resolution: {integrity: sha512-4fCk79wshMdzMp2rH06qWrJE4iolqLhCUH+OiuIgU++RB0+94NlDL81atO7GX55uUKueo0txHNtvEyI6D7WdMw==}
    engines: {node: '>=0.10.0'}
    dependencies:
      safer-buffer: 2.1.2
    dev: true

  /inflight/1.0.6:
    resolution: {integrity: sha1-Sb1jMdfQLQwJvJEKEHW6gWW1bfk=}
    dependencies:
      once: 1.4.0
      wrappy: 1.0.2
    dev: true

  /inherits/2.0.4:
    resolution: {integrity: sha512-k/vGaX4/Yla3WzyMCvTQOXYeIHvqOKtnqBduzTHpzpQZzAskKMhZ2K+EnBiSM9zGSoIFeMpXKxa4dYeZIQqewQ==}
    dev: true

  /internmap/2.0.3:
    resolution: {integrity: sha512-5Hh7Y1wQbvY5ooGgPbDaL5iYLAPzMTUrjMulskHLH6wnv/A+1q5rgEaiuqEjB+oxGXIVZs1FF+R/KPN3ZSQYYg==}
    engines: {node: '>=12'}
    dev: true

  /is-core-module/2.8.1:
    resolution: {integrity: sha512-SdNCUs284hr40hFTFP6l0IfZ/RSrMXF3qgoRHd3/79unUTvrFO/JoXwkGm+5J/Oe3E/b5GsnG330uUNgRpu1PA==}
    dependencies:
      has: 1.0.3
    dev: true

  /json5/2.2.0:
    resolution: {integrity: sha512-f+8cldu7X/y7RAJurMEJmdoKXGB/X550w2Nr3tTbezL6RwEE/iMcm+tZnXeoZtKuOq6ft8+CqzEkrIgx1fPoQA==}
    engines: {node: '>=6'}
    hasBin: true
    dependencies:
      minimist: 1.2.5
    dev: true

  /jsonc-parser/3.0.0:
    resolution: {integrity: sha512-fQzRfAbIBnR0IQvftw9FJveWiHp72Fg20giDrHz6TdfB12UH/uue0D3hm57UB5KgAVuniLMCaS8P1IMj9NR7cA==}
    dev: true

  /jsonfile/4.0.0:
    resolution: {integrity: sha1-h3Gq4HmbZAdrdmQPygWPnBDjPss=}
    optionalDependencies:
      graceful-fs: 4.2.9
    dev: true

  /kleur/4.1.4:
    resolution: {integrity: sha512-8QADVssbrFjivHWQU7KkMgptGTl6WAcSdlbBPY4uNF+mWr6DGcKrvY2w4FQJoXch7+fKMjj0dRrL75vk3k23OA==}
    engines: {node: '>=6'}
    dev: true

  /lodash.debounce/4.0.8:
    resolution: {integrity: sha1-gteb/zCmfEAF/9XiUVMArZyk168=}
    dev: true

  /lodash/4.17.21:
    resolution: {integrity: sha512-v2kDEe57lecTulaDIuNTPy3Ry4gLGJ6Z1O3vE1krgXZNrsQ+LFTGHVxVjcXPs17LhbZVGedAJv8XZ1tvj5FvSg==}
    dev: true

  /lower-case/2.0.2:
    resolution: {integrity: sha512-7fm3l3NAF9WfN6W3JOmf5drwpVqX78JtoGJ3A6W0a6ZnldM41w2fV5D490psKFTpMds8TJse/eHLFFsNHHjHgg==}
    dependencies:
      tslib: 2.3.1
    dev: true

  /magic-string/0.25.7:
    resolution: {integrity: sha512-4CrMT5DOHTDk4HYDlzmwu4FVCcIYI8gauveasrdCu2IKIFOJ3f0v/8MDGJCDL9oD2ppz/Av1b0Nj345H9M+XIA==}
    dependencies:
      sourcemap-codec: 1.4.8
    dev: true

  /min-indent/1.0.1:
    resolution: {integrity: sha512-I9jwMn07Sy/IwOj3zVkVik2JTvgpaykDZEigL6Rx6N9LbMywwUSMtxET+7lVoDLLd3O3IXwJwvuuns8UB/HeAg==}
    engines: {node: '>=4'}
    dev: true

  /minimatch/3.1.2:
    resolution: {integrity: sha512-J7p63hRiAjw1NDEww1W7i37+ByIrOWO5XQQAzZ3VOcL0PNybwpfmV/N05zFAzwQ9USyEcX6t3UO+K5aqBQOIHw==}
    dependencies:
      brace-expansion: 1.1.11
    dev: true

  /minimist/1.2.5:
    resolution: {integrity: sha512-FM9nNUYrRBAELZQT3xeZQ7fmMOBg6nWNmJKTcgsJeaLstP/UODVpGsr5OhXhhXg6f+qtJ8uiZ+PUxkDWcgIXLw==}
    dev: true

  /mkdirp/0.5.5:
    resolution: {integrity: sha512-NKmAlESf6jMGym1++R0Ra7wvhV+wFW63FaSOFPwRahvea0gMUcGUhVeAg/0BC0wiv9ih5NYPB1Wn1UEI1/L+xQ==}
    hasBin: true
    dependencies:
      minimist: 1.2.5
    dev: true

  /mri/1.2.0:
    resolution: {integrity: sha512-tzzskb3bG8LvYGFF/mDTpq3jpI6Q9wc3LEmBaghu+DdCssd1FakN7Bc0hVNmEyGq1bq3RgfkCb3cmQLpNPOroA==}
    engines: {node: '>=4'}
    dev: true

  /ms/2.1.2:
    resolution: {integrity: sha512-sGkPx+VjMtmA6MX27oA4FBFELFCZZ4S4XqeGOXCv68tT+jb3vk/RyaKWP0PTKyWtmLSM0b+adUTEvbs1PEaH2w==}
    dev: true

  /nanoid/3.3.1:
    resolution: {integrity: sha512-n6Vs/3KGyxPQd6uO0eH4Bv0ojGSUvuLlIHtC3Y0kEO23YRge8H9x1GCzLn28YX0H66pMkxuaeESFq4tKISKwdw==}
    engines: {node: ^10 || ^12 || ^13.7 || ^14 || >=15.0.1}
    hasBin: true
    dev: true

  /no-case/3.0.4:
    resolution: {integrity: sha512-fgAN3jGAh+RoxUGZHTSOLJIqUc2wmoBwGR4tbpNAKmmovFoWq0OdRkb0VkldReO2a2iBT/OEulG9XSUc10r3zg==}
    dependencies:
      lower-case: 2.0.2
      tslib: 2.3.1
    dev: true

  /node-domexception/1.0.0:
    resolution: {integrity: sha512-/jKZoMpw0F8GRwl4/eLROPA3cfcXtLApP0QzLmUT/HuPCZWyB7IY9ZrMeKw2O/nFIqPQB3PVM9aYm0F312AXDQ==}
    engines: {node: '>=10.5.0'}
    dev: true

  /node-fetch/3.2.0:
    resolution: {integrity: sha512-8xeimMwMItMw8hRrOl3C9/xzU49HV/yE6ORew/l+dxWimO5A4Ra8ld2rerlJvc/O7et5Z1zrWsPX43v1QBjCxw==}
    engines: {node: ^12.20.0 || ^14.13.1 || >=16.0.0}
    dependencies:
      data-uri-to-buffer: 4.0.0
      fetch-blob: 3.1.4
      formdata-polyfill: 4.0.10
    dev: true

  /node-releases/2.0.2:
    resolution: {integrity: sha512-XxYDdcQ6eKqp/YjI+tb2C5WM2LgjnZrfYg4vgQt49EK268b6gYCHsBLrK2qvJo4FmCtqmKezb0WZFK4fkrZNsg==}
    dev: true

  /normalize-range/0.1.2:
    resolution: {integrity: sha1-LRDAa9/TEuqXd2laTShDlFa3WUI=}
    engines: {node: '>=0.10.0'}
    dev: true

  /once/1.4.0:
    resolution: {integrity: sha1-WDsap3WWHUsROsF9nFC6753Xa9E=}
    dependencies:
      wrappy: 1.0.2
    dev: true

  /param-case/3.0.4:
    resolution: {integrity: sha512-RXlj7zCYokReqWpOPH9oYivUzLYZ5vAPIfEmCTNViosC78F8F0H9y7T7gG2M39ymgutxF5gcFEsyZQSph9Bp3A==}
    dependencies:
      dot-case: 3.0.4
      tslib: 2.3.1
    dev: true

  /pascal-case/3.1.2:
    resolution: {integrity: sha512-uWlGT3YSnK9x3BQJaOdcZwrnV6hPpd8jFH1/ucpiLRPh/2zCVJKS19E4GvYHvaCcACn3foXZ0cLB9Wrx1KGe5g==}
    dependencies:
      no-case: 3.0.4
      tslib: 2.3.1
    dev: true

  /path-case/3.0.4:
    resolution: {integrity: sha512-qO4qCFjXqVTrcbPt/hQfhTQ+VhFsqNKOPtytgNKkKxSoEp3XPUQ8ObFuePylOIok5gjn69ry8XiULxCwot3Wfg==}
    dependencies:
      dot-case: 3.0.4
      tslib: 2.3.1
    dev: true

  /path-is-absolute/1.0.1:
    resolution: {integrity: sha1-F0uSaHNVNP+8es5r9TpanhtcX18=}
    engines: {node: '>=0.10.0'}
    dev: true

  /path-parse/1.0.7:
    resolution: {integrity: sha512-LDJzPVEEEPR+y48z93A0Ed0yXb8pAByGWo/k5YYdYgpY2/2EsOsksJrq7lOHxryrVOn1ejG6oAp8ahvOIQD8sw==}
    dev: true

  /picocolors/1.0.0:
    resolution: {integrity: sha512-1fygroTLlHu66zi26VoTDv8yRgm0Fccecssto+MhsZ0D/DGW2sm8E8AjW7NU5VVTRt5GxbeZ5qBuJr+HyLYkjQ==}
    dev: true

  /picomatch/2.3.1:
    resolution: {integrity: sha512-JU3teHTNjmE2VCGFzuY8EXzCDVwEqB2a8fsIvwaStHhAWJEeVd1o1QD80CU6+ZdEXXSLbSsuLwJjkCBWqRQUVA==}
    engines: {node: '>=8.6'}
    dev: true

  /postcss-value-parser/4.2.0:
    resolution: {integrity: sha512-1NNCs6uurfkVbeXG4S8JFT9t19m45ICnif8zWLd5oPSZ50QnwMfK+H3jv408d4jw/7Bttv5axS5IiHoLaVNHeQ==}
    dev: true

  /postcss/8.4.6:
    resolution: {integrity: sha512-OovjwIzs9Te46vlEx7+uXB0PLijpwjXGKXjVGGPIGubGpq7uh5Xgf6D6FiJ/SzJMBosHDp6a2hiXOS97iBXcaA==}
    engines: {node: ^10 || ^12 || >=14}
    dependencies:
      nanoid: 3.3.1
      picocolors: 1.0.0
      source-map-js: 1.0.2
    dev: true

  /prettier-plugin-svelte/2.6.0_prettier@2.5.1+svelte@3.46.4:
    resolution: {integrity: sha512-NPSRf6Y5rufRlBleok/pqg4+1FyGsL0zYhkYP6hnueeL1J/uCm3OfOZPsLX4zqD9VAdcXfyEL2PYqGv8ZoOSfA==}
    peerDependencies:
      prettier: ^1.16.4 || ^2.0.0
      svelte: ^3.2.0
    dependencies:
      prettier: 2.5.1
      svelte: 3.46.4
    dev: true

  /prettier/2.5.1:
    resolution: {integrity: sha512-vBZcPRUR5MZJwoyi3ZoyQlc1rXeEck8KgeC9AwwOn+exuxLxq5toTRDTSaVrXHxelDMHy9zlicw8u66yxoSUFg==}
    engines: {node: '>=10.13.0'}
    hasBin: true
    dev: true

  /resolve/1.22.0:
    resolution: {integrity: sha512-Hhtrw0nLeSrFQ7phPp4OOcVjLPIeMnRlr5mcnVuMe7M/7eBn98A3hmFRLoFo3DLZkivSYwhRUJTyPyWAk56WLw==}
    hasBin: true
    dependencies:
      is-core-module: 2.8.1
      path-parse: 1.0.7
      supports-preserve-symlinks-flag: 1.0.0
    dev: true

  /rimraf/2.7.1:
    resolution: {integrity: sha512-uWjbaKIK3T1OSVptzX7Nl6PvQ3qAGtKEtVRjRuazjfL3Bx5eI409VZSqgND+4UNnmzLVdPj9FqFJNPqBZFve4w==}
    hasBin: true
    dependencies:
      glob: 7.2.0
    dev: true

  /robust-predicates/3.0.1:
    resolution: {integrity: sha512-ndEIpszUHiG4HtDsQLeIuMvRsDnn8c8rYStabochtUeCvfuvNptb5TUbVD68LRAILPX7p9nqQGh4xJgn3EHS/g==}
    dev: true

  /rollup-plugin-svg/2.0.0:
    resolution: {integrity: sha512-DmE7dSQHo1SC5L2uH2qul3Mjyd5oV6U1aVVkyvTLX/mUsRink7f1b1zaIm+32GEBA6EHu8H/JJi3DdWqM53ySQ==}
    dependencies:
      rollup-pluginutils: 1.5.2
    dev: true

  /rollup-pluginutils/1.5.2:
    resolution: {integrity: sha1-HhVud4+UtyVb+hs9AXi+j1xVJAg=}
    dependencies:
      estree-walker: 0.2.1
      minimatch: 3.1.2
    dev: true

  /rollup/2.67.2:
    resolution: {integrity: sha512-hoEiBWwZtf1QdK3jZIq59L0FJj4Fiv4RplCO4pvCRC86qsoFurWB4hKQIjoRf3WvJmk5UZ9b0y5ton+62fC7Tw==}
    engines: {node: '>=10.0.0'}
    hasBin: true
    optionalDependencies:
      fsevents: 2.3.2
    dev: true

  /rw/1.3.3:
    resolution: {integrity: sha1-P4Yt+pGrdmsUiF700BEkv9oHT7Q=}
    dev: true

  /sade/1.8.1:
    resolution: {integrity: sha512-xal3CZX1Xlo/k4ApwCFrHVACi9fBqJ7V+mwhBsuf/1IOKbBy098Fex+Wa/5QMubw09pSZ/u8EY8PWgevJsXp1A==}
    engines: {node: '>=6'}
    dependencies:
      mri: 1.2.0
    dev: true

  /safer-buffer/2.1.2:
    resolution: {integrity: sha512-YZo3K82SD7Riyi0E1EQPojLz7kpepnSQI9IyPbHHg1XXXevb5dJI7tpyN2ADxGcQbHG7vcyRHk0cbwqcQriUtg==}
    dev: true

  /sander/0.5.1:
    resolution: {integrity: sha1-dB4kXiMfB8r7b98PEzrfohalAq0=}
    dependencies:
      es6-promise: 3.3.1
      graceful-fs: 4.2.9
      mkdirp: 0.5.5
      rimraf: 2.7.1
    dev: true

  /sentence-case/3.0.4:
    resolution: {integrity: sha512-8LS0JInaQMCRoQ7YUytAo/xUu5W2XnQxV2HI/6uM6U7CITS1RqPElr30V6uIqyMKM9lJGRVFy5/4CuzcixNYSg==}
    dependencies:
      no-case: 3.0.4
      tslib: 2.3.1
      upper-case-first: 2.0.2
    dev: true

  /snake-case/3.0.4:
    resolution: {integrity: sha512-LAOh4z89bGQvl9pFfNF8V146i7o7/CqFPbqzYgP+yYzDIDeS9HaNFtXABamRW+AQzEVODcvE79ljJ+8a9YSdMg==}
    dependencies:
      dot-case: 3.0.4
      tslib: 2.3.1
    dev: true

  /sorcery/0.10.0:
    resolution: {integrity: sha1-iukK19fLBfxZ8asMY3hF1cFaUrc=}
    hasBin: true
    dependencies:
      buffer-crc32: 0.2.13
      minimist: 1.2.5
      sander: 0.5.1
      sourcemap-codec: 1.4.8
    dev: true

  /source-map-js/1.0.2:
    resolution: {integrity: sha512-R0XvVJ9WusLiqTCEiGCmICCMplcCkIwwR11mOSD9CR5u+IXYdiseeEuXCVAjS54zqwkLcPNnmU4OeJ6tUrWhDw==}
    engines: {node: '>=0.10.0'}
    dev: true

  /sourcemap-codec/1.4.8:
    resolution: {integrity: sha512-9NykojV5Uih4lgo5So5dtw+f0JgJX30KCNI8gwhz2J9A15wD0Ml6tjHKwf6fTSa6fAdVBdZeNOs9eJ71qCk8vA==}
    dev: true

  /strip-indent/3.0.0:
    resolution: {integrity: sha512-laJTa3Jb+VQpaC6DseHhF7dXVqHTfJPCRDaEbid/drOhgitgYku/letMUqOXFoWV0zIIUbjpdH2t+tYj4bQMRQ==}
    engines: {node: '>=8'}
    dependencies:
      min-indent: 1.0.1
    dev: true

  /style-dictionary/3.1.1:
    resolution: {integrity: sha512-Dpugx2wH3ElMvq1GOaSsfUChr8dwujx2/eBUUd0vaSFkP16LRp5XOJMTHF0f8QuPGkpBfVPXDWCkb3oJ3oJjxg==}
    engines: {node: '>=12.0.0'}
    hasBin: true
    dependencies:
      chalk: 4.1.2
      change-case: 4.1.2
      commander: 5.1.0
      fs-extra: 8.1.0
      glob: 7.2.0
      json5: 2.2.0
      jsonc-parser: 3.0.0
      lodash: 4.17.21
      tinycolor2: 1.4.2
    dev: true

  /supports-color/7.2.0:
    resolution: {integrity: sha512-qpCAvRl9stuOHveKsn7HncJRvv501qIacKzQlO/+Lwxc9+0q2wLyv4Dfvt80/DPn2pqOBsJdDiogXGR9+OvwRw==}
    engines: {node: '>=8'}
    dependencies:
      has-flag: 4.0.0
    dev: true

  /supports-preserve-symlinks-flag/1.0.0:
    resolution: {integrity: sha512-ot0WnXS9fgdkgIcePe6RHNk1WA8+muPa6cSjeR3V8K27q9BB1rTE3R1p7Hv0z1ZyAc8s6Vvv8DIyWf681MAt0w==}
    engines: {node: '>= 0.4'}
    dev: true

  /svelte-hmr/0.14.9_svelte@3.46.4:
    resolution: {integrity: sha512-bKE9+4qb4sAnA+TKHiYurUl970rjA0XmlP9TEP7K/ncyWz3m81kA4HOgmlZK/7irGK7gzZlaPDI3cmf8fp/+tg==}
    peerDependencies:
      svelte: '>=3.19.0'
    dependencies:
      svelte: 3.46.4
    dev: true

  /svelte-preprocess/4.10.3_postcss@8.4.6+svelte@3.46.4:
    resolution: {integrity: sha512-ttw17lJfb/dx2ZJT9sesaXT5l7mPQ9Apx1H496Kli3Hkk7orIRGpOw6rCPkRNzr6ueVPqb4vzodS5x7sBFhKHw==}
    engines: {node: '>= 9.11.2'}
    requiresBuild: true
    peerDependencies:
      '@babel/core': ^7.10.2
      coffeescript: ^2.5.1
      less: ^3.11.3 || ^4.0.0
      node-sass: '*'
      postcss: ^7 || ^8
      postcss-load-config: ^2.1.0 || ^3.0.0
      pug: ^3.0.0
      sass: ^1.26.8
      stylus: ^0.55.0
      sugarss: ^2.0.0
      svelte: ^3.23.0
      typescript: ^3.9.5 || ^4.0.0
    peerDependenciesMeta:
      '@babel/core':
        optional: true
      coffeescript:
        optional: true
      less:
        optional: true
      node-sass:
        optional: true
      postcss:
        optional: true
      postcss-load-config:
        optional: true
      pug:
        optional: true
      sass:
        optional: true
      stylus:
        optional: true
      sugarss:
        optional: true
      typescript:
        optional: true
    dependencies:
      '@types/pug': 2.0.6
      '@types/sass': 1.43.1
      detect-indent: 6.1.0
      magic-string: 0.25.7
      postcss: 8.4.6
      sorcery: 0.10.0
      strip-indent: 3.0.0
      svelte: 3.46.4
    dev: true

  /svelte/3.46.4:
    resolution: {integrity: sha512-qKJzw6DpA33CIa+C/rGp4AUdSfii0DOTCzj/2YpSKKayw5WGSS624Et9L1nU1k2OVRS9vaENQXp2CVZNU+xvIg==}
    engines: {node: '>= 8'}
    dev: true

  /tiny-glob/0.2.9:
    resolution: {integrity: sha512-g/55ssRPUjShh+xkfx9UPDXqhckHEsHr4Vd9zX55oSdGZc/MD0m3sferOkwWtp98bv+kcVfEHtRJgBVJzelrzg==}
    dependencies:
      globalyzer: 0.1.0
      globrex: 0.1.2
    dev: true

  /tinycolor2/1.4.2:
    resolution: {integrity: sha512-vJhccZPs965sV/L2sU4oRQVAos0pQXwsvTLkWYdqJ+a8Q5kPFzJTuOFwy7UniPli44NKQGAglksjvOcpo95aZA==}
    dev: true

  /tosource/1.0.0:
    resolution: {integrity: sha1-QtiN0RZhi88A1hBt1URvNCeQL/E=}
    engines: {node: '>=0.4.0'}
    dev: true

  /tslib/2.3.1:
    resolution: {integrity: sha512-77EbyPPpMz+FRFRuAFlWMtmgUWGe9UOG2Z25NqCwiIjRhOf5iKGuzSe5P2w1laq+FkRy4p+PCuVkJSGkzTEKVw==}
    dev: true

  /universalify/0.1.2:
    resolution: {integrity: sha512-rBJeI5CXAlmy1pV+617WB9J63U6XcazHHF2f2dbJix4XzpUF0RS3Zbj0FGIOCAva5P/d/GBOYaACQ1w+0azUkg==}
    engines: {node: '>= 4.0.0'}
    dev: true

  /upper-case-first/2.0.2:
    resolution: {integrity: sha512-514ppYHBaKwfJRK/pNC6c/OxfGa0obSnAl106u97Ed0I625Nin96KAjttZF6ZL3e1XLtphxnqrOi9iWgm+u+bg==}
    dependencies:
      tslib: 2.3.1
    dev: true

  /upper-case/2.0.2:
    resolution: {integrity: sha512-KgdgDGJt2TpuwBUIjgG6lzw2GWFRCW9Qkfkiv0DxqHHLYJHmtmdUIKcZd8rHgFSjopVTlw6ggzCm1b8MFQwikg==}
    dependencies:
      tslib: 2.3.1
    dev: true

  /vite-plugin-svgstring/1.0.0:
    resolution: {integrity: sha512-dQeQBJVu+nTUrBTWIfgjXX1YHD/SxKVjpI77scXMCHUa8mbOmWHWNdzSJ3ZeOB3XMZCvggezKBEIm59SjmvRiQ==}
    dev: true

  /vite/2.8.3:
    resolution: {integrity: sha512-967klrEiG7HEsN7fQYYVETs5495Iu6GpI7YyxoO5yVTJCRxjV8HhWgNWKgrbazjoOB9DQuztL53/nUoNqHNsWg==}
    engines: {node: '>=12.2.0'}
    hasBin: true
    peerDependencies:
      less: '*'
      sass: '*'
      stylus: '*'
    peerDependenciesMeta:
      less:
        optional: true
      sass:
        optional: true
      stylus:
        optional: true
    dependencies:
      esbuild: 0.14.22
      postcss: 8.4.6
      resolve: 1.22.0
      rollup: 2.67.2
    optionalDependencies:
      fsevents: 2.3.2
    dev: true

  /web-streams-polyfill/3.2.0:
    resolution: {integrity: sha512-EqPmREeOzttaLRm5HS7io98goBgZ7IVz79aDvqjD0kYXLtFZTc0T/U6wHTPKyIjb+MdN7DFIIX6hgdBEpWmfPA==}
    engines: {node: '>= 8'}
    dev: true

  /wrappy/1.0.2:
    resolution: {integrity: sha1-tSQ9jz7BqjXxNkYFvA0QNuMKtp8=}
    dev: true
